
Microsoft Visual Studio Solution File, Format Version 12.00
# Visual Studio 2013
VisualStudioVersion = 12.0.40629.0
MinimumVisualStudioVersion = 10.0.40219.1
Project("{8BC9CEB8-8B4A-11D0-8D11-00A0C91BC942}") = "TemplateProj", "TemplateProj\TemplateProj.vcxproj", "{C9BBC2F6-1871-4AAA-882A-C5D1F159A42F}"
EndProject
Global
	GlobalSection(SolutionConfigurationPlatforms) = preSolution
		Debug|Win32 = Debug|Win32
		Release|Win32 = Release|Win32
	EndGlobalSection
	GlobalSection(ProjectConfigurationPlatforms) = postSolution
		{C9BBC2F6-1871-4AAA-882A-C5D1F159A42F}.Debug|Win32.ActiveCfg = Debug|Win32
		{C9BBC2F6-1871-4AAA-882A-C5D1F159A42F}.Debug|Win32.Build.0 = Debug|Win32
		{C9BBC2F6-1871-4AAA-882A-C5D1F159A42F}.Release|Win32.ActiveCfg = Release|Win32
		{C9BBC2F6-1871-4AAA-882A-C5D1F159A42F}.Release|Win32.Build.0 = Release|Win32
	EndGlobalSection
	GlobalSection(SolutionProperties) = preSolution
		HideSolutionNode = FALSE
	EndGlobalSection
EndGlobal
