<?xml version="1.0" encoding="utf-8"?>
<Project ToolsVersion="4.0" xmlns="http://schemas.microsoft.com/developer/msbuild/2003">
  <ItemGroup>
    <Filter Include="资源文件">
      <UniqueIdentifier>{67DA6AB6-F800-4c08-8B7A-83BB121AAD01}</UniqueIdentifier>
      <Extensions>rc;ico;cur;bmp;dlg;rc2;rct;bin;rgs;gif;jpg;jpeg;jpe;resx;tiff;tif;png;wav;mfcribbon-ms</Extensions>
    </Filter>
    <Filter Include="BaseFile">
      <UniqueIdentifier>{13bad19f-e7f3-4b8d-b71a-fca6e3690b42}</UniqueIdentifier>
    </Filter>
    <Filter Include="BaseFile\Base">
      <UniqueIdentifier>{a6b2ac61-e8cd-4b66-ada1-771649615375}</UniqueIdentifier>
    </Filter>
    <Filter Include="BaseFile\Control">
      <UniqueIdentifier>{b7673187-ad82-4c91-81c3-913092e1b364}</UniqueIdentifier>
    </Filter>
    <Filter Include="BaseFile\Export">
      <UniqueIdentifier>{edf5cb04-8529-4dce-a619-3fbdefc2fb70}</UniqueIdentifier>
    </Filter>
    <Filter Include="BaseFile\LoadRC">
      <UniqueIdentifier>{157b6693-fb97-43b8-8d6d-afcfb00c34cf}</UniqueIdentifier>
    </Filter>
    <Filter Include="Main">
      <UniqueIdentifier>{be839a49-23db-4202-a473-c5d443718165}</UniqueIdentifier>
    </Filter>
  </ItemGroup>
  <ItemGroup>
    <ClCompile Include="..\BaseFile\Base\IxFrm.cpp">
      <Filter>BaseFile\Base</Filter>
    </ClCompile>
    <ClCompile Include="..\BaseFile\Base\TDataContainer.cpp">
      <Filter>BaseFile\Base</Filter>
    </ClCompile>
    <ClCompile Include="..\BaseFile\Base\TMemDC.cpp">
      <Filter>BaseFile\Base</Filter>
    </ClCompile>
    <ClCompile Include="..\BaseFile\Base\TMessageBox.cpp">
      <Filter>BaseFile\Base</Filter>
    </ClCompile>
    <ClCompile Include="..\BaseFile\Base\TModalWnd.cpp">
      <Filter>BaseFile\Base</Filter>
    </ClCompile>
    <ClCompile Include="..\BaseFile\Base\UIDesign.cpp">
      <Filter>BaseFile\Base</Filter>
    </ClCompile>
    <ClCompile Include="..\BaseFile\Control\CxCheck.cpp">
      <Filter>BaseFile\Control</Filter>
    </ClCompile>
    <ClCompile Include="..\BaseFile\Control\CxCombox.cpp">
      <Filter>BaseFile\Control</Filter>
    </ClCompile>
    <ClCompile Include="..\BaseFile\Control\CxEdit.cpp">
      <Filter>BaseFile\Control</Filter>
    </ClCompile>
    <ClCompile Include="..\BaseFile\Control\CxSpin.cpp">
      <Filter>BaseFile\Control</Filter>
    </ClCompile>
    <ClCompile Include="..\BaseFile\Control\CxSpinEdit.cpp">
      <Filter>BaseFile\Control</Filter>
    </ClCompile>
    <ClCompile Include="..\BaseFile\Control\CxSubClassWnd.cpp">
      <Filter>BaseFile\Control</Filter>
    </ClCompile>
    <ClCompile Include="..\BaseFile\Control\TListView.cpp">
      <Filter>BaseFile\Control</Filter>
    </ClCompile>
    <ClCompile Include="..\BaseFile\Control\TStatic.cpp">
      <Filter>BaseFile\Control</Filter>
    </ClCompile>
    <ClCompile Include="..\BaseFile\Control\TStaticButton.cpp">
      <Filter>BaseFile\Control</Filter>
    </ClCompile>
    <ClCompile Include="..\BaseFile\Export\Export.cpp">
      <Filter>BaseFile\Export</Filter>
    </ClCompile>
    <ClCompile Include="..\BaseFile\Export\GlobalData.cpp">
      <Filter>BaseFile\Export</Filter>
    </ClCompile>
    <ClCompile Include="..\BaseFile\LoadRC\load_rc.cpp">
      <Filter>BaseFile\LoadRC</Filter>
    </ClCompile>
    <ClCompile Include="..\BaseFile\Control\TLockCheck.cpp">
      <Filter>BaseFile\Control</Filter>
    </ClCompile>
    <ClCompile Include="TUserGuide.cpp">
      <Filter>Main</Filter>
    </ClCompile>
  </ItemGroup>
  <ItemGroup>
    <ClInclude Include="..\BaseFile\Base\IxFrm.h">
      <Filter>BaseFile\Base</Filter>
    </ClInclude>
    <ClInclude Include="..\BaseFile\Base\TDataContainer.h">
      <Filter>BaseFile\Base</Filter>
    </ClInclude>
    <ClInclude Include="..\BaseFile\Base\TMemDC.h">
      <Filter>BaseFile\Base</Filter>
    </ClInclude>
    <ClInclude Include="..\BaseFile\Base\TMessageBox.h">
      <Filter>BaseFile\Base</Filter>
    </ClInclude>
    <ClInclude Include="..\BaseFile\Base\TModalWnd.h">
      <Filter>BaseFile\Base</Filter>
    </ClInclude>
    <ClInclude Include="..\BaseFile\Base\UIDesign.h">
      <Filter>BaseFile\Base</Filter>
    </ClInclude>
    <ClInclude Include="..\BaseFile\Control\CtlDefine.h">
      <Filter>BaseFile\Control</Filter>
    </ClInclude>
    <ClInclude Include="..\BaseFile\Control\CxCheck.h">
      <Filter>BaseFile\Control</Filter>
    </ClInclude>
    <ClInclude Include="..\BaseFile\Control\CxCombox.h">
      <Filter>BaseFile\Control</Filter>
    </ClInclude>
    <ClInclude Include="..\BaseFile\Control\CxEdit.h">
      <Filter>BaseFile\Control</Filter>
    </ClInclude>
    <ClInclude Include="..\BaseFile\Control\CxSpinEdit.h">
      <Filter>BaseFile\Control</Filter>
    </ClInclude>
    <ClInclude Include="..\BaseFile\Control\CxSubClassWnd.h">
      <Filter>BaseFile\Control</Filter>
    </ClInclude>
    <ClInclude Include="..\BaseFile\Control\TListView.h">
      <Filter>BaseFile\Control</Filter>
    </ClInclude>
    <ClInclude Include="..\BaseFile\Control\TStatic.h">
      <Filter>BaseFile\Control</Filter>
    </ClInclude>
    <ClInclude Include="..\BaseFile\Control\TStaticButton.h">
      <Filter>BaseFile\Control</Filter>
    </ClInclude>
    <ClInclude Include="..\BaseFile\Export\Export.h">
      <Filter>BaseFile\Export</Filter>
    </ClInclude>
    <ClInclude Include="..\BaseFile\LoadRC\CharCodes.h">
      <Filter>BaseFile\LoadRC</Filter>
    </ClInclude>
    <ClInclude Include="..\BaseFile\LoadRC\def_lang.h">
      <Filter>BaseFile\LoadRC</Filter>
    </ClInclude>
    <ClInclude Include="..\BaseFile\LoadRC\load_rc.h">
      <Filter>BaseFile\LoadRC</Filter>
    </ClInclude>
    <ClInclude Include="..\BaseFile\BaseInclude.h">
      <Filter>BaseFile</Filter>
    </ClInclude>
    <ClInclude Include="..\BaseFile\Control\TLockCheck.h">
      <Filter>BaseFile\Control</Filter>
    </ClInclude>
    <ClInclude Include="resource.h" />
    <ClInclude Include="TUserGudie.h">
      <Filter>Main</Filter>
    </ClInclude>
    <ClInclude Include="IPointOrderAPI.h">
      <Filter>Main</Filter>
    </ClInclude>
    <ClInclude Include="TKeyOrderApi.h">
      <Filter>Main</Filter>
    </ClInclude>
    <ClInclude Include="resource1.h" />
  </ItemGroup>
  <ItemGroup>
    <ResourceCompile Include="UserGuide.rc">
      <Filter>资源文件</Filter>
    </ResourceCompile>
  </ItemGroup>
</Project>