<?xml version="1.0" encoding="utf-8"?>
<Project ToolsVersion="4.0" xmlns="http://schemas.microsoft.com/developer/msbuild/2003">
  <ItemGroup>
    <Filter Include="资源文件">
      <UniqueIdentifier>{67DA6AB6-F800-4c08-8B7A-83BB121AAD01}</UniqueIdentifier>
      <Extensions>rc;ico;cur;bmp;dlg;rc2;rct;bin;rgs;gif;jpg;jpeg;jpe;resx;tiff;tif;png;wav;mfcribbon-ms</Extensions>
    </Filter>
    <Filter Include="Base">
      <UniqueIdentifier>{ff1244c7-be93-4fd5-a515-cf3692863da8}</UniqueIdentifier>
    </Filter>
    <Filter Include="Control">
      <UniqueIdentifier>{1a532efd-59a1-4d5b-96c8-15d5a3f8e4a1}</UniqueIdentifier>
    </Filter>
    <Filter Include="Export">
      <UniqueIdentifier>{526ca9a9-3626-45af-b56e-28a426516459}</UniqueIdentifier>
    </Filter>
    <Filter Include="LoadRC">
      <UniqueIdentifier>{39e8ecee-498e-475a-8b72-a7835682862a}</UniqueIdentifier>
    </Filter>
    <Filter Include="TradeSpi">
      <UniqueIdentifier>{5d056be7-ae80-4199-a6b6-d8f3e909c49e}</UniqueIdentifier>
    </Filter>
    <Filter Include="Popup">
      <UniqueIdentifier>{23838125-652f-48db-96bf-e2d254fc2554}</UniqueIdentifier>
    </Filter>
    <Filter Include="Main">
      <UniqueIdentifier>{25245927-6338-488c-8d8b-bfee911ee2ab}</UniqueIdentifier>
    </Filter>
    <Filter Include="Include">
      <UniqueIdentifier>{d28b6abe-2bc4-4c36-9549-b09b9f80097c}</UniqueIdentifier>
    </Filter>
    <Filter Include="xml">
      <UniqueIdentifier>{4dc81a07-19b4-45fc-a3fb-bee7992ed792}</UniqueIdentifier>
    </Filter>
    <Filter Include="Main\Model">
      <UniqueIdentifier>{fce248c3-16bd-47c4-a5c3-dd9d3a70aa58}</UniqueIdentifier>
    </Filter>
    <Filter Include="Main\View">
      <UniqueIdentifier>{f0e2bc9d-be57-43bd-b6f4-d24469522ca5}</UniqueIdentifier>
    </Filter>
    <Filter Include="Main\Presenter">
      <UniqueIdentifier>{70cb368f-53ef-442d-8725-0c8b80b479fd}</UniqueIdentifier>
    </Filter>
    <Filter Include="Main\MainFrm">
      <UniqueIdentifier>{9b8037d7-15a0-433f-aa97-184dfb2376f2}</UniqueIdentifier>
    </Filter>
    <Filter Include="Main\KLineUtil">
      <UniqueIdentifier>{4741a851-0201-4d6b-a397-10ac3c192ef9}</UniqueIdentifier>
    </Filter>
    <Filter Include="Main\KLineControl">
      <UniqueIdentifier>{27d1dd4f-1a77-473e-96c5-a7232c3cdbce}</UniqueIdentifier>
    </Filter>
  </ItemGroup>
  <ItemGroup>
    <ClCompile Include="..\Base\AnsicUnicode.cpp">
      <Filter>Base</Filter>
    </ClCompile>
    <ClCompile Include="..\Base\IxFrm.cpp">
      <Filter>Base</Filter>
    </ClCompile>
    <ClCompile Include="..\Base\TDataContainer.cpp">
      <Filter>Base</Filter>
    </ClCompile>
    <ClCompile Include="..\Base\TMemDC.cpp">
      <Filter>Base</Filter>
    </ClCompile>
    <ClCompile Include="..\Base\TMessageBox.cpp">
      <Filter>Base</Filter>
    </ClCompile>
    <ClCompile Include="..\Base\TModalWnd.cpp">
      <Filter>Base</Filter>
    </ClCompile>
    <ClCompile Include="..\Base\TPopupWnd.cpp">
      <Filter>Base</Filter>
    </ClCompile>
    <ClCompile Include="..\Base\TradeQuoteString.cpp">
      <Filter>Base</Filter>
    </ClCompile>
    <ClCompile Include="..\Base\TStringConvert.cpp">
      <Filter>Base</Filter>
    </ClCompile>
    <ClCompile Include="..\Base\UIDesign.cpp">
      <Filter>Base</Filter>
    </ClCompile>
    <ClCompile Include="..\Control\CxCheck.cpp">
      <Filter>Control</Filter>
    </ClCompile>
    <ClCompile Include="..\Control\CxCombox.cpp">
      <Filter>Control</Filter>
    </ClCompile>
    <ClCompile Include="..\Control\CxEdit.cpp">
      <Filter>Control</Filter>
    </ClCompile>
    <ClCompile Include="..\Control\CxSpin.cpp">
      <Filter>Control</Filter>
    </ClCompile>
    <ClCompile Include="..\Control\CxSpinEdit.cpp">
      <Filter>Control</Filter>
    </ClCompile>
    <ClCompile Include="..\Control\CxSubClassWnd.cpp">
      <Filter>Control</Filter>
    </ClCompile>
    <ClCompile Include="..\Control\TComboxList.cpp">
      <Filter>Control</Filter>
    </ClCompile>
    <ClCompile Include="..\Control\TDateTime.cpp">
      <Filter>Control</Filter>
    </ClCompile>
    <ClCompile Include="..\Control\TListBox.cpp">
      <Filter>Control</Filter>
    </ClCompile>
    <ClCompile Include="..\Control\TListView.cpp">
      <Filter>Control</Filter>
    </ClCompile>
    <ClCompile Include="..\Control\TLockCheck.cpp">
      <Filter>Control</Filter>
    </ClCompile>
    <ClCompile Include="..\Control\TOrderButton.cpp">
      <Filter>Control</Filter>
    </ClCompile>
    <ClCompile Include="..\Control\TRichEdit.cpp">
      <Filter>Control</Filter>
    </ClCompile>
    <ClCompile Include="..\Control\TStatic.cpp">
      <Filter>Control</Filter>
    </ClCompile>
    <ClCompile Include="..\Control\TStaticButton.cpp">
      <Filter>Control</Filter>
    </ClCompile>
    <ClCompile Include="..\Control\TTreeView.cpp">
      <Filter>Control</Filter>
    </ClCompile>
    <ClCompile Include="..\Export\Export.cpp">
      <Filter>Export</Filter>
    </ClCompile>
    <ClCompile Include="..\Export\GlobalData.cpp">
      <Filter>Export</Filter>
    </ClCompile>
    <ClCompile Include="..\LoadRC\load_rc.cpp">
      <Filter>LoadRC</Filter>
    </ClCompile>
    <ClCompile Include="..\Tradespi\trade_spi_ex.cpp">
      <Filter>TradeSpi</Filter>
    </ClCompile>
    <ClCompile Include="..\Popup\VirtualWnd.cpp">
      <Filter>Popup</Filter>
    </ClCompile>
    <ClCompile Include="..\Base\pugixml.cpp">
      <Filter>xml</Filter>
    </ClCompile>
    <ClCompile Include="KLineModel.cpp">
      <Filter>Main\Model</Filter>
    </ClCompile>
    <ClCompile Include="KLineView.cpp">
      <Filter>Main\View</Filter>
    </ClCompile>
    <ClCompile Include="KLinePresenter.cpp">
      <Filter>Main\Presenter</Filter>
    </ClCompile>
    <ClCompile Include="KLineUtil.cpp">
      <Filter>Main\KLineUtil</Filter>
    </ClCompile>
    <ClCompile Include="..\Main\MainFrame.cpp">
      <Filter>Main\MainFrm</Filter>
    </ClCompile>
    <ClCompile Include="SelectTab.cpp">
      <Filter>Main\KLineControl</Filter>
    </ClCompile>
    <ClCompile Include="..\Base\httpTools.cpp">
      <Filter>Main\KLineControl</Filter>
    </ClCompile>
    <ClCompile Include="IntroductView.cpp">
      <Filter>Main\KLineControl</Filter>
    </ClCompile>
    <ClCompile Include="..\Base\TFile.cpp">
      <Filter>Base</Filter>
    </ClCompile>
    <ClCompile Include="KListView.cpp">
      <Filter>Main\KLineControl</Filter>
    </ClCompile>
    <ClCompile Include="..\Base\WinTools.cpp">
      <Filter>Base</Filter>
    </ClCompile>
    <ClCompile Include="..\Main\dllmain.cpp">
      <Filter>Main</Filter>
    </ClCompile>
    <ClCompile Include="ContractInfoListView.cpp">
      <Filter>Main\View</Filter>
    </ClCompile>
  </ItemGroup>
  <ItemGroup>
    <ClInclude Include="..\Base\AnsicUnicode.h">
      <Filter>Base</Filter>
    </ClInclude>
    <ClInclude Include="..\Base\IxFrm.h">
      <Filter>Base</Filter>
    </ClInclude>
    <ClInclude Include="..\Base\share_struct.h">
      <Filter>Base</Filter>
    </ClInclude>
    <ClInclude Include="..\Base\TDataContainer.h">
      <Filter>Base</Filter>
    </ClInclude>
    <ClInclude Include="..\Base\TMemDC.h">
      <Filter>Base</Filter>
    </ClInclude>
    <ClInclude Include="..\Base\TMessageBox.h">
      <Filter>Base</Filter>
    </ClInclude>
    <ClInclude Include="..\Base\TModalWnd.h">
      <Filter>Base</Filter>
    </ClInclude>
    <ClInclude Include="..\Base\TPopupWnd.h">
      <Filter>Base</Filter>
    </ClInclude>
    <ClInclude Include="..\Base\TradeQuoteString.h">
      <Filter>Base</Filter>
    </ClInclude>
    <ClInclude Include="..\Base\TStringConvert.h">
      <Filter>Base</Filter>
    </ClInclude>
    <ClInclude Include="..\Base\UIDesign.h">
      <Filter>Base</Filter>
    </ClInclude>
    <ClInclude Include="..\Control\CtlDefine.h">
      <Filter>Control</Filter>
    </ClInclude>
    <ClInclude Include="..\Control\CxCheck.h">
      <Filter>Control</Filter>
    </ClInclude>
    <ClInclude Include="..\Control\CxCombox.h">
      <Filter>Control</Filter>
    </ClInclude>
    <ClInclude Include="..\Control\CxEdit.h">
      <Filter>Control</Filter>
    </ClInclude>
    <ClInclude Include="..\Control\CxSpin.h">
      <Filter>Control</Filter>
    </ClInclude>
    <ClInclude Include="..\Control\CxSpinEdit.h">
      <Filter>Control</Filter>
    </ClInclude>
    <ClInclude Include="..\Control\CxSubClassWnd.h">
      <Filter>Control</Filter>
    </ClInclude>
    <ClInclude Include="..\Control\TComboxList.h">
      <Filter>Control</Filter>
    </ClInclude>
    <ClInclude Include="..\Control\TDateTime.h">
      <Filter>Control</Filter>
    </ClInclude>
    <ClInclude Include="..\Control\TListBox.h">
      <Filter>Control</Filter>
    </ClInclude>
    <ClInclude Include="..\Control\TListView.h">
      <Filter>Control</Filter>
    </ClInclude>
    <ClInclude Include="..\Control\TLockCheck.h">
      <Filter>Control</Filter>
    </ClInclude>
    <ClInclude Include="..\Control\TOrderButton.h">
      <Filter>Control</Filter>
    </ClInclude>
    <ClInclude Include="..\Control\TRichEdit.h">
      <Filter>Control</Filter>
    </ClInclude>
    <ClInclude Include="..\Control\TStatic.h">
      <Filter>Control</Filter>
    </ClInclude>
    <ClInclude Include="..\Control\TStaticButton.h">
      <Filter>Control</Filter>
    </ClInclude>
    <ClInclude Include="..\Control\TTreeView.h">
      <Filter>Control</Filter>
    </ClInclude>
    <ClInclude Include="..\Export\Export.h">
      <Filter>Export</Filter>
    </ClInclude>
    <ClInclude Include="..\Export\GlobalData.h">
      <Filter>Export</Filter>
    </ClInclude>
    <ClInclude Include="..\LoadRC\CharCodes.h">
      <Filter>LoadRC</Filter>
    </ClInclude>
    <ClInclude Include="..\LoadRC\def_lang.h">
      <Filter>LoadRC</Filter>
    </ClInclude>
    <ClInclude Include="..\LoadRC\load_rc.h">
      <Filter>LoadRC</Filter>
    </ClInclude>
    <ClInclude Include="..\Tradespi\_trade_spi_switch.h">
      <Filter>TradeSpi</Filter>
    </ClInclude>
    <ClInclude Include="..\Tradespi\trade_spi.h">
      <Filter>TradeSpi</Filter>
    </ClInclude>
    <ClInclude Include="..\Tradespi\trade_spi_ex.h">
      <Filter>TradeSpi</Filter>
    </ClInclude>
    <ClInclude Include="..\Tradespi\trade_spi_switch.h">
      <Filter>TradeSpi</Filter>
    </ClInclude>
    <ClInclude Include="..\Popup\VirtualWnd.h">
      <Filter>Popup</Filter>
    </ClInclude>
    <ClInclude Include="..\Base\BaseInclude.h" />
    <ClInclude Include="resource.h" />
    <ClInclude Include="..\Base\pugiconfig.hpp">
      <Filter>xml</Filter>
    </ClInclude>
    <ClInclude Include="..\Base\pugixml.hpp">
      <Filter>xml</Filter>
    </ClInclude>
    <ClInclude Include="KLineModel.h">
      <Filter>Main\Model</Filter>
    </ClInclude>
    <ClInclude Include="KLineView.h">
      <Filter>Main\View</Filter>
    </ClInclude>
    <ClInclude Include="KLinePresenter.h">
      <Filter>Main\Presenter</Filter>
    </ClInclude>
    <ClInclude Include="..\Main\MainFrame.h">
      <Filter>Main\MainFrm</Filter>
    </ClInclude>
    <ClInclude Include="KLineUtil.h">
      <Filter>Main\KLineUtil</Filter>
    </ClInclude>
    <ClInclude Include="Protocol.h">
      <Filter>Main</Filter>
    </ClInclude>
    <ClInclude Include="GlobalDefine.h" />
    <ClInclude Include="SelectTab.h">
      <Filter>Main\KLineControl</Filter>
    </ClInclude>
    <ClInclude Include="..\Base\httpTools.h">
      <Filter>Main\KLineControl</Filter>
    </ClInclude>
    <ClInclude Include="IntroductView.h">
      <Filter>Main\KLineControl</Filter>
    </ClInclude>
    <ClInclude Include="..\Base\TFile.h">
      <Filter>Base</Filter>
    </ClInclude>
    <ClInclude Include="KListView.h">
      <Filter>Main\KLineControl</Filter>
    </ClInclude>
    <ClInclude Include="..\Base\WinTools.h">
      <Filter>Base</Filter>
    </ClInclude>
    <ClInclude Include="..\..\Include\BatchOrder_API.h">
      <Filter>Include</Filter>
    </ClInclude>
    <ClInclude Include="..\..\Include\BatchOrder_Struct.h">
      <Filter>Include</Filter>
    </ClInclude>
    <ClInclude Include="..\..\Include\CommonModule_API.h">
      <Filter>Include</Filter>
    </ClInclude>
    <ClInclude Include="..\..\Include\CommonModule_Struct.h">
      <Filter>Include</Filter>
    </ClInclude>
    <ClInclude Include="..\..\Include\ConfigFrame_API.h">
      <Filter>Include</Filter>
    </ClInclude>
    <ClInclude Include="..\..\Include\HisQuoteShell_API.h">
      <Filter>Include</Filter>
    </ClInclude>
    <ClInclude Include="..\..\Include\LanguageApi_API.h">
      <Filter>Include</Filter>
    </ClInclude>
    <ClInclude Include="..\..\Include\Logging_API.h">
      <Filter>Include</Filter>
    </ClInclude>
    <ClInclude Include="..\..\Include\LoginFrm_API.h">
      <Filter>Include</Filter>
    </ClInclude>
    <ClInclude Include="..\..\Include\MainFrame_API.h">
      <Filter>Include</Filter>
    </ClInclude>
    <ClInclude Include="..\..\Include\OptionCalc_API.h">
      <Filter>Include</Filter>
    </ClInclude>
    <ClInclude Include="..\..\Include\PluginMgr_API.h">
      <Filter>Include</Filter>
    </ClInclude>
    <ClInclude Include="..\..\Include\RawTradeApi_API.h">
      <Filter>Include</Filter>
    </ClInclude>
    <ClInclude Include="..\..\Include\RawTradeApi_Struct.h">
      <Filter>Include</Filter>
    </ClInclude>
    <ClInclude Include="..\..\Include\RemedyTrade_API.h">
      <Filter>Include</Filter>
    </ClInclude>
    <ClInclude Include="..\..\Include\StarApi_API.h">
      <Filter>Include</Filter>
    </ClInclude>
    <ClInclude Include="..\..\Include\StarApi_TYPE.h">
      <Filter>Include</Filter>
    </ClInclude>
    <ClInclude Include="..\..\Include\StrategyTrade_API.h">
      <Filter>Include</Filter>
    </ClInclude>
    <ClInclude Include="..\..\Include\TradeApi_API.h">
      <Filter>Include</Filter>
    </ClInclude>
    <ClInclude Include="..\..\Include\TradeApi_Struct.h">
      <Filter>Include</Filter>
    </ClInclude>
    <ClInclude Include="..\..\Include\TradeApi_Type.h">
      <Filter>Include</Filter>
    </ClInclude>
    <ClInclude Include="..\..\Include\TradeReport_API.h">
      <Filter>Include</Filter>
    </ClInclude>
    <ClInclude Include="..\Main\stdafx.h">
      <Filter>Main</Filter>
    </ClInclude>
    <ClInclude Include="ContractInfoListView.h">
      <Filter>Main\View</Filter>
    </ClInclude>
  </ItemGroup>
  <ItemGroup>
    <ResourceCompile Include="ACTradeAnalysis.rc">
      <Filter>资源文件</Filter>
    </ResourceCompile>
  </ItemGroup>
  <ItemGroup>
    <None Include="..\Main\ACTradeAnalysis.def">
      <Filter>Main</Filter>
    </None>
  </ItemGroup>
</Project>