<?xml version="1.0" encoding="utf-8"?>
<Project ToolsVersion="4.0" xmlns="http://schemas.microsoft.com/developer/msbuild/2003">
  <ItemGroup>
    <Filter Include="源文件">
      <UniqueIdentifier>{4FC737F1-C7A5-4376-A066-2A32D752A2FF}</UniqueIdentifier>
      <Extensions>cpp;c;cc;cxx;def;odl;idl;hpj;bat;asm;asmx</Extensions>
    </Filter>
    <Filter Include="头文件">
      <UniqueIdentifier>{93995380-89BD-4b04-88EB-625FBE52EBFB}</UniqueIdentifier>
      <Extensions>h;hh;hpp;hxx;hm;inl;inc;xsd</Extensions>
    </Filter>
    <Filter Include="资源文件">
      <UniqueIdentifier>{67DA6AB6-F800-4c08-8B7A-83BB121AAD01}</UniqueIdentifier>
      <Extensions>rc;ico;cur;bmp;dlg;rc2;rct;bin;rgs;gif;jpg;jpeg;jpe;resx;tiff;tif;png;wav;mfcribbon-ms</Extensions>
    </Filter>
    <Filter Include="include">
      <UniqueIdentifier>{6e100fb0-59cd-47b2-a5b6-ca6b6cb67a45}</UniqueIdentifier>
    </Filter>
    <Filter Include="subset">
      <UniqueIdentifier>{ef624e9d-65b1-4e0a-97fa-01d381494e32}</UniqueIdentifier>
    </Filter>
    <Filter Include="subset\global">
      <UniqueIdentifier>{fec54c31-d686-4d7c-b61d-5ca88b14cf20}</UniqueIdentifier>
    </Filter>
    <Filter Include="subset\share">
      <UniqueIdentifier>{440d0a3a-19c2-4340-914c-5c2092e4d3e1}</UniqueIdentifier>
    </Filter>
    <Filter Include="risk">
      <UniqueIdentifier>{46729f2b-4fd7-4d4f-ba2e-21f536718563}</UniqueIdentifier>
    </Filter>
    <Filter Include="ctl">
      <UniqueIdentifier>{ca303b95-effa-421f-b7ae-5c22974ef450}</UniqueIdentifier>
    </Filter>
  </ItemGroup>
  <ItemGroup>
    <Text Include="ReadMe.txt" />
  </ItemGroup>
  <ItemGroup>
    <ClInclude Include="stdafx.h">
      <Filter>头文件</Filter>
    </ClInclude>
    <ClInclude Include="targetver.h">
      <Filter>头文件</Filter>
    </ClInclude>
    <ClInclude Include="position_diff_exp.h">
      <Filter>头文件</Filter>
    </ClInclude>
    <ClInclude Include="..\..\Subset\Global\def_lang.h">
      <Filter>subset\global</Filter>
    </ClInclude>
    <ClInclude Include="..\..\Subset\Global\Global.h">
      <Filter>subset\global</Filter>
    </ClInclude>
    <ClInclude Include="..\..\Subset\Global\load_rc.h">
      <Filter>subset\global</Filter>
    </ClInclude>
    <ClInclude Include="..\..\Subset\Global\Log.h">
      <Filter>subset\global</Filter>
    </ClInclude>
    <ClInclude Include="..\..\Subset\Share\raw_trade_api.h">
      <Filter>subset\share</Filter>
    </ClInclude>
    <ClInclude Include="..\..\Subset\Share\trade_const.h">
      <Filter>subset\share</Filter>
    </ClInclude>
    <ClInclude Include="..\..\Subset\Share\trade_struct.h">
      <Filter>subset\share</Filter>
    </ClInclude>
    <ClInclude Include="resource.h">
      <Filter>头文件</Filter>
    </ClInclude>
    <ClInclude Include="config\position_config.h">
      <Filter>risk</Filter>
    </ClInclude>
    <ClInclude Include="trade\position_trade.h">
      <Filter>risk</Filter>
    </ClInclude>
    <ClInclude Include="PreInclude.h">
      <Filter>头文件</Filter>
    </ClInclude>
    <ClInclude Include="position_bar.h">
      <Filter>risk</Filter>
    </ClInclude>
    <ClInclude Include="ctl\CxButton.h">
      <Filter>ctl</Filter>
    </ClInclude>
    <ClInclude Include="ctl\CxCheck.h">
      <Filter>ctl</Filter>
    </ClInclude>
    <ClInclude Include="ctl\CxEdit.h">
      <Filter>ctl</Filter>
    </ClInclude>
    <ClInclude Include="ctl\CxSpin.h">
      <Filter>ctl</Filter>
    </ClInclude>
    <ClInclude Include="ctl\CxStatic.h">
      <Filter>ctl</Filter>
    </ClInclude>
    <ClInclude Include="ctl\CxSubClassWnd.h">
      <Filter>ctl</Filter>
    </ClInclude>
    <ClInclude Include="ctl\IxFrm.h">
      <Filter>ctl</Filter>
    </ClInclude>
    <ClInclude Include="ctl\UIDesign.h">
      <Filter>ctl</Filter>
    </ClInclude>
    <ClInclude Include="TradeQuoteString.h">
      <Filter>头文件</Filter>
    </ClInclude>
    <ClInclude Include="ctl\popwincode.h">
      <Filter>ctl</Filter>
    </ClInclude>
    <ClInclude Include="..\..\Include\Authentication_API.h">
      <Filter>include</Filter>
    </ClInclude>
    <ClInclude Include="..\..\Include\BatchOrder_API.h">
      <Filter>include</Filter>
    </ClInclude>
    <ClInclude Include="..\..\Include\BatchOrder_Struct.h">
      <Filter>include</Filter>
    </ClInclude>
    <ClInclude Include="..\..\Include\CommonModule_API.h">
      <Filter>include</Filter>
    </ClInclude>
    <ClInclude Include="..\..\Include\CommonModule_Struct.h">
      <Filter>include</Filter>
    </ClInclude>
    <ClInclude Include="..\..\Include\ConfigFrame_API.h">
      <Filter>include</Filter>
    </ClInclude>
    <ClInclude Include="..\..\Include\CspAccess_API.h">
      <Filter>include</Filter>
    </ClInclude>
    <ClInclude Include="..\..\Include\Dui_Basic.h">
      <Filter>include</Filter>
    </ClInclude>
    <ClInclude Include="..\..\Include\Dui_Event.h">
      <Filter>include</Filter>
    </ClInclude>
    <ClInclude Include="..\..\Include\Dui_Extend.h">
      <Filter>include</Filter>
    </ClInclude>
    <ClInclude Include="..\..\Include\Dui_Include.h">
      <Filter>include</Filter>
    </ClInclude>
    <ClInclude Include="..\..\Include\Dui_Type.h">
      <Filter>include</Filter>
    </ClInclude>
    <ClInclude Include="..\..\Include\HisQuoteShell_API.h">
      <Filter>include</Filter>
    </ClInclude>
    <ClInclude Include="..\..\Include\IndexOrder_Api.h">
      <Filter>include</Filter>
    </ClInclude>
    <ClInclude Include="..\..\Include\IQuickData.h">
      <Filter>include</Filter>
    </ClInclude>
    <ClInclude Include="..\..\Include\LanguageApi_API.h">
      <Filter>include</Filter>
    </ClInclude>
    <ClInclude Include="..\..\Include\Logging_API.h">
      <Filter>include</Filter>
    </ClInclude>
    <ClInclude Include="..\..\Include\LoginFrm_API.h">
      <Filter>include</Filter>
    </ClInclude>
    <ClInclude Include="..\..\Include\MainFrame_API.h">
      <Filter>include</Filter>
    </ClInclude>
    <ClInclude Include="..\..\Include\OptionCalc.h">
      <Filter>include</Filter>
    </ClInclude>
    <ClInclude Include="..\..\Include\OptionCalc_API.h">
      <Filter>include</Filter>
    </ClInclude>
    <ClInclude Include="..\..\Include\PluginMgr_API.h">
      <Filter>include</Filter>
    </ClInclude>
    <ClInclude Include="..\..\Include\RawTradeApi_API.h">
      <Filter>include</Filter>
    </ClInclude>
    <ClInclude Include="..\..\Include\RawTradeApi_Struct.h">
      <Filter>include</Filter>
    </ClInclude>
    <ClInclude Include="..\..\Include\RemedyTrade_API.h">
      <Filter>include</Filter>
    </ClInclude>
    <ClInclude Include="..\..\Include\StarApi_API.h">
      <Filter>include</Filter>
    </ClInclude>
    <ClInclude Include="..\..\Include\StarApi_TYPE.h">
      <Filter>include</Filter>
    </ClInclude>
    <ClInclude Include="..\..\Include\StrategyTrade_API.h">
      <Filter>include</Filter>
    </ClInclude>
    <ClInclude Include="..\..\Include\TradeApi_API.h">
      <Filter>include</Filter>
    </ClInclude>
    <ClInclude Include="..\..\Include\TradeApi_Struct.h">
      <Filter>include</Filter>
    </ClInclude>
    <ClInclude Include="..\..\Include\TradeApi_Type.h">
      <Filter>include</Filter>
    </ClInclude>
    <ClInclude Include="..\..\Include\TradeReport_API.h">
      <Filter>include</Filter>
    </ClInclude>
  </ItemGroup>
  <ItemGroup>
    <ClCompile Include="stdafx.cpp">
      <Filter>源文件</Filter>
    </ClCompile>
    <ClCompile Include="dllmain.cpp">
      <Filter>源文件</Filter>
    </ClCompile>
    <ClCompile Include="position_diff_exp.cpp">
      <Filter>源文件</Filter>
    </ClCompile>
    <ClCompile Include="..\..\Subset\Global\load_rc.cpp">
      <Filter>subset\global</Filter>
    </ClCompile>
    <ClCompile Include="config\position_config.cpp">
      <Filter>risk</Filter>
    </ClCompile>
    <ClCompile Include="trade\position_trade.cpp">
      <Filter>risk</Filter>
    </ClCompile>
    <ClCompile Include="position_bar.cpp">
      <Filter>risk</Filter>
    </ClCompile>
    <ClCompile Include="ctl\CxButton.cpp">
      <Filter>ctl</Filter>
    </ClCompile>
    <ClCompile Include="ctl\CxCheck.cpp">
      <Filter>ctl</Filter>
    </ClCompile>
    <ClCompile Include="ctl\CxEdit.cpp">
      <Filter>ctl</Filter>
    </ClCompile>
    <ClCompile Include="ctl\CxSpin.cpp">
      <Filter>ctl</Filter>
    </ClCompile>
    <ClCompile Include="ctl\CxStatic.cpp">
      <Filter>ctl</Filter>
    </ClCompile>
    <ClCompile Include="ctl\CxSubClassWnd.cpp">
      <Filter>ctl</Filter>
    </ClCompile>
    <ClCompile Include="ctl\IxFrm.cpp">
      <Filter>ctl</Filter>
    </ClCompile>
    <ClCompile Include="ctl\UIDesign.cpp">
      <Filter>ctl</Filter>
    </ClCompile>
    <ClCompile Include="TradeQuoteString.cpp">
      <Filter>源文件</Filter>
    </ClCompile>
    <ClCompile Include="ctl\popwincode.cpp">
      <Filter>ctl</Filter>
    </ClCompile>
  </ItemGroup>
  <ItemGroup>
    <ResourceCompile Include="PositionDiffRiskControl.rc">
      <Filter>资源文件</Filter>
    </ResourceCompile>
  </ItemGroup>
  <ItemGroup>
    <None Include="Source.def">
      <Filter>源文件</Filter>
    </None>
  </ItemGroup>
</Project>