<?xml version="1.0" encoding="utf-8"?>
<Project ToolsVersion="4.0" xmlns="http://schemas.microsoft.com/developer/msbuild/2003">
  <ItemGroup>
    <Filter Include="源文件">
      <UniqueIdentifier>{4FC737F1-C7A5-4376-A066-2A32D752A2FF}</UniqueIdentifier>
      <Extensions>cpp;c;cc;cxx;def;odl;idl;hpj;bat;asm;asmx</Extensions>
    </Filter>
    <Filter Include="头文件">
      <UniqueIdentifier>{93995380-89BD-4b04-88EB-625FBE52EBFB}</UniqueIdentifier>
      <Extensions>h;hh;hpp;hxx;hm;inl;inc;xsd</Extensions>
    </Filter>
    <Filter Include="资源文件">
      <UniqueIdentifier>{67DA6AB6-F800-4c08-8B7A-83BB121AAD01}</UniqueIdentifier>
      <Extensions>rc;ico;cur;bmp;dlg;rc2;rct;bin;rgs;gif;jpg;jpeg;jpe;resx;tiff;tif;png;wav;mfcribbon-ms</Extensions>
    </Filter>
    <Filter Include="LoadRC">
      <UniqueIdentifier>{52e9a745-e8a9-4674-92dc-5d8bfcb9add1}</UniqueIdentifier>
    </Filter>
    <Filter Include="BaseFile">
      <UniqueIdentifier>{50f92e90-d590-461b-90bc-b647e7de0173}</UniqueIdentifier>
    </Filter>
    <Filter Include="ctrl">
      <UniqueIdentifier>{923bb61f-07b4-4259-8e3e-337ac422b7d6}</UniqueIdentifier>
    </Filter>
    <Filter Include="Include">
      <UniqueIdentifier>{dbf41275-3f54-4734-8c72-3465de08729b}</UniqueIdentifier>
    </Filter>
  </ItemGroup>
  <ItemGroup>
    <Text Include="ReadMe.txt" />
  </ItemGroup>
  <ItemGroup>
    <ClInclude Include="stdafx.h">
      <Filter>头文件</Filter>
    </ClInclude>
    <ClInclude Include="targetver.h">
      <Filter>头文件</Filter>
    </ClInclude>
    <ClInclude Include="Resource.h">
      <Filter>头文件</Filter>
    </ClInclude>
    <ClInclude Include="Subset\common\IxFrm.h">
      <Filter>BaseFile</Filter>
    </ClInclude>
    <ClInclude Include="Subset\common\TMemDC.h">
      <Filter>BaseFile</Filter>
    </ClInclude>
    <ClInclude Include="Subset\common\UIDesign.h">
      <Filter>BaseFile</Filter>
    </ClInclude>
    <ClInclude Include="ctl\CxCombox.h">
      <Filter>ctrl</Filter>
    </ClInclude>
    <ClInclude Include="ctl\CxSubClassWnd.h">
      <Filter>ctrl</Filter>
    </ClInclude>
    <ClInclude Include="ctl\TCheckbox.h">
      <Filter>ctrl</Filter>
    </ClInclude>
    <ClInclude Include="ctl\TEdit.h">
      <Filter>ctrl</Filter>
    </ClInclude>
    <ClInclude Include="ctl\TMessageBox.h">
      <Filter>ctrl</Filter>
    </ClInclude>
    <ClInclude Include="ctl\TModalWnd.h">
      <Filter>ctrl</Filter>
    </ClInclude>
    <ClInclude Include="ctl\TPopupWnd.h">
      <Filter>ctrl</Filter>
    </ClInclude>
    <ClInclude Include="ctl\TStatic.h">
      <Filter>ctrl</Filter>
    </ClInclude>
    <ClInclude Include="ctl\TStaticButton.h">
      <Filter>ctrl</Filter>
    </ClInclude>
    <ClInclude Include="..\..\Include\Authentication_API.h">
      <Filter>Include</Filter>
    </ClInclude>
    <ClInclude Include="..\..\Include\BatchOrder_API.h">
      <Filter>Include</Filter>
    </ClInclude>
    <ClInclude Include="..\..\Include\BatchOrder_Struct.h">
      <Filter>Include</Filter>
    </ClInclude>
    <ClInclude Include="..\..\Include\CommonModule_API.h">
      <Filter>Include</Filter>
    </ClInclude>
    <ClInclude Include="..\..\Include\CommonModule_Struct.h">
      <Filter>Include</Filter>
    </ClInclude>
    <ClInclude Include="..\..\Include\ConfigFrame_API.h">
      <Filter>Include</Filter>
    </ClInclude>
    <ClInclude Include="..\..\Include\CspAccess_API.h">
      <Filter>Include</Filter>
    </ClInclude>
    <ClInclude Include="..\..\Include\Dui_Basic.h">
      <Filter>Include</Filter>
    </ClInclude>
    <ClInclude Include="..\..\Include\Dui_Event.h">
      <Filter>Include</Filter>
    </ClInclude>
    <ClInclude Include="..\..\Include\Dui_Extend.h">
      <Filter>Include</Filter>
    </ClInclude>
    <ClInclude Include="..\..\Include\Dui_Include.h">
      <Filter>Include</Filter>
    </ClInclude>
    <ClInclude Include="..\..\Include\Dui_Type.h">
      <Filter>Include</Filter>
    </ClInclude>
    <ClInclude Include="..\..\Include\HisQuoteShell_API.h">
      <Filter>Include</Filter>
    </ClInclude>
    <ClInclude Include="..\..\Include\IndexOrder_Api.h">
      <Filter>Include</Filter>
    </ClInclude>
    <ClInclude Include="..\..\Include\IQuickData.h">
      <Filter>Include</Filter>
    </ClInclude>
    <ClInclude Include="..\..\Include\LanguageApi_API.h">
      <Filter>Include</Filter>
    </ClInclude>
    <ClInclude Include="..\..\Include\Logging_API.h">
      <Filter>Include</Filter>
    </ClInclude>
    <ClInclude Include="..\..\Include\LoginFrm_API.h">
      <Filter>Include</Filter>
    </ClInclude>
    <ClInclude Include="..\..\Include\MainFrame_API.h">
      <Filter>Include</Filter>
    </ClInclude>
    <ClInclude Include="..\..\Include\OptionCalc.h">
      <Filter>Include</Filter>
    </ClInclude>
    <ClInclude Include="..\..\Include\OptionCalc_API.h">
      <Filter>Include</Filter>
    </ClInclude>
    <ClInclude Include="..\..\Include\PluginMgr_API.h">
      <Filter>Include</Filter>
    </ClInclude>
    <ClInclude Include="..\..\Include\RawTradeApi_API.h">
      <Filter>Include</Filter>
    </ClInclude>
    <ClInclude Include="..\..\Include\RawTradeApi_Struct.h">
      <Filter>Include</Filter>
    </ClInclude>
    <ClInclude Include="..\..\Include\RemedyTrade_API.h">
      <Filter>Include</Filter>
    </ClInclude>
    <ClInclude Include="..\..\Include\StarApi_API.h">
      <Filter>Include</Filter>
    </ClInclude>
    <ClInclude Include="..\..\Include\StarApi_TYPE.h">
      <Filter>Include</Filter>
    </ClInclude>
    <ClInclude Include="..\..\Include\StrategyTrade_API.h">
      <Filter>Include</Filter>
    </ClInclude>
    <ClInclude Include="..\..\Include\TradeApi_API.h">
      <Filter>Include</Filter>
    </ClInclude>
    <ClInclude Include="..\..\Include\TradeApi_Struct.h">
      <Filter>Include</Filter>
    </ClInclude>
    <ClInclude Include="..\..\Include\TradeApi_Type.h">
      <Filter>Include</Filter>
    </ClInclude>
    <ClInclude Include="..\..\Include\TradeReport_API.h">
      <Filter>Include</Filter>
    </ClInclude>
    <ClInclude Include="LoadRC\AnsicUnicode.h">
      <Filter>LoadRC</Filter>
    </ClInclude>
    <ClInclude Include="LoadRC\CharCodes.h">
      <Filter>LoadRC</Filter>
    </ClInclude>
    <ClInclude Include="LoadRC\def_lang.h">
      <Filter>LoadRC</Filter>
    </ClInclude>
    <ClInclude Include="LoadRC\IOperator.h">
      <Filter>LoadRC</Filter>
    </ClInclude>
    <ClInclude Include="LoadRC\Langeage.h">
      <Filter>LoadRC</Filter>
    </ClInclude>
    <ClInclude Include="LoadRC\popwincode.h">
      <Filter>LoadRC</Filter>
    </ClInclude>
    <ClInclude Include="LoadRC\share_struct.h">
      <Filter>LoadRC</Filter>
    </ClInclude>
    <ClInclude Include="LoadRC\TradeQuoteString.h">
      <Filter>LoadRC</Filter>
    </ClInclude>
    <ClInclude Include="MAIN\PositionDiffRiskMgt.h">
      <Filter>头文件</Filter>
    </ClInclude>
    <ClInclude Include="MAIN\PositionDiffRiskMgtWnd.h">
      <Filter>头文件</Filter>
    </ClInclude>
    <ClInclude Include="MAIN\PreInclude.h">
      <Filter>头文件</Filter>
    </ClInclude>
    <ClInclude Include="resource1.h">
      <Filter>头文件</Filter>
    </ClInclude>
    <ClInclude Include="LoadRC\load_rc.h">
      <Filter>LoadRC</Filter>
    </ClInclude>
    <ClInclude Include="ctl\TListView.h">
      <Filter>ctrl</Filter>
    </ClInclude>
    <ClInclude Include="Subset\Share\datas.h">
      <Filter>LoadRC</Filter>
    </ClInclude>
  </ItemGroup>
  <ItemGroup>
    <ClCompile Include="stdafx.cpp">
      <Filter>源文件</Filter>
    </ClCompile>
    <ClCompile Include="Subset\common\IxFrm.cpp">
      <Filter>BaseFile</Filter>
    </ClCompile>
    <ClCompile Include="Subset\common\TMemDC.cpp">
      <Filter>BaseFile</Filter>
    </ClCompile>
    <ClCompile Include="Subset\common\UIDesign.cpp">
      <Filter>BaseFile</Filter>
    </ClCompile>
    <ClCompile Include="ctl\CxCombox.cpp">
      <Filter>ctrl</Filter>
    </ClCompile>
    <ClCompile Include="ctl\CxSubClassWnd.cpp">
      <Filter>ctrl</Filter>
    </ClCompile>
    <ClCompile Include="ctl\TCheckbox.cpp">
      <Filter>ctrl</Filter>
    </ClCompile>
    <ClCompile Include="ctl\TEdit.cpp">
      <Filter>ctrl</Filter>
    </ClCompile>
    <ClCompile Include="ctl\TMessageBox.cpp">
      <Filter>ctrl</Filter>
    </ClCompile>
    <ClCompile Include="ctl\TModalWnd.cpp">
      <Filter>ctrl</Filter>
    </ClCompile>
    <ClCompile Include="ctl\TPopupWnd.cpp">
      <Filter>ctrl</Filter>
    </ClCompile>
    <ClCompile Include="ctl\TStatic.cpp">
      <Filter>ctrl</Filter>
    </ClCompile>
    <ClCompile Include="ctl\TStaticButton.cpp">
      <Filter>ctrl</Filter>
    </ClCompile>
    <ClCompile Include="LoadRC\AnsicUnicode.cpp">
      <Filter>LoadRC</Filter>
    </ClCompile>
    <ClCompile Include="LoadRC\popwincode.cpp">
      <Filter>LoadRC</Filter>
    </ClCompile>
    <ClCompile Include="LoadRC\TradeQuoteString.cpp">
      <Filter>LoadRC</Filter>
    </ClCompile>
    <ClCompile Include="MAIN\dllmain.cpp">
      <Filter>源文件</Filter>
    </ClCompile>
    <ClCompile Include="MAIN\PositionDiffRiskMgt.cpp">
      <Filter>源文件</Filter>
    </ClCompile>
    <ClCompile Include="MAIN\PositionDiffRiskMgtPlugin.cpp">
      <Filter>源文件</Filter>
    </ClCompile>
    <ClCompile Include="MAIN\PositionDiffRiskMgtWnd.cpp">
      <Filter>源文件</Filter>
    </ClCompile>
    <ClCompile Include="LoadRC\load_rc.cpp">
      <Filter>LoadRC</Filter>
    </ClCompile>
    <ClCompile Include="ctl\TListView.cpp">
      <Filter>ctrl</Filter>
    </ClCompile>
  </ItemGroup>
  <ItemGroup>
    <Image Include="small.ico">
      <Filter>资源文件</Filter>
    </Image>
    <Image Include="PositionDiffRiskMgt.ico">
      <Filter>资源文件</Filter>
    </Image>
  </ItemGroup>
  <ItemGroup>
    <None Include="MAIN\PositionDiffRiskMgt.def">
      <Filter>源文件</Filter>
    </None>
  </ItemGroup>
  <ItemGroup>
    <ResourceCompile Include="PositionDiffRiskMgt.rc">
      <Filter>资源文件</Filter>
    </ResourceCompile>
  </ItemGroup>
</Project>