<?xml version="1.0" encoding="utf-8"?>
<Project ToolsVersion="4.0" xmlns="http://schemas.microsoft.com/developer/msbuild/2003">
  <ItemGroup>
    <Filter Include="源文件">
      <UniqueIdentifier>{4FC737F1-C7A5-4376-A066-2A32D752A2FF}</UniqueIdentifier>
      <Extensions>cpp;c;cc;cxx;def;odl;idl;hpj;bat;asm;asmx</Extensions>
    </Filter>
    <Filter Include="头文件">
      <UniqueIdentifier>{93995380-89BD-4b04-88EB-625FBE52EBFB}</UniqueIdentifier>
      <Extensions>h;hh;hpp;hxx;hm;inl;inc;xsd</Extensions>
    </Filter>
    <Filter Include="资源文件">
      <UniqueIdentifier>{67DA6AB6-F800-4c08-8B7A-83BB121AAD01}</UniqueIdentifier>
      <Extensions>rc;ico;cur;bmp;dlg;rc2;rct;bin;rgs;gif;jpg;jpeg;jpe;resx;tiff;tif;png;wav;mfcribbon-ms</Extensions>
    </Filter>
    <Filter Include="include">
      <UniqueIdentifier>{246e693c-da82-4872-b9bd-a8d52b50f475}</UniqueIdentifier>
    </Filter>
    <Filter Include="order_dlg">
      <UniqueIdentifier>{498ce7ea-4e98-44f8-af04-8fba454da85b}</UniqueIdentifier>
    </Filter>
    <Filter Include="config">
      <UniqueIdentifier>{68e752b0-2c4f-4e86-8640-537ced878122}</UniqueIdentifier>
    </Filter>
    <Filter Include="ctrl">
      <UniqueIdentifier>{4b6219ef-ef8c-4d54-950d-ccf2b35b69bc}</UniqueIdentifier>
    </Filter>
    <Filter Include="ctrl\base">
      <UniqueIdentifier>{6e2f543e-5d66-46e1-96e4-c5a594a3ee65}</UniqueIdentifier>
    </Filter>
    <Filter Include="ctrl\expand">
      <UniqueIdentifier>{be586f85-a995-41ad-8d84-adcccb8fa22d}</UniqueIdentifier>
    </Filter>
    <Filter Include="assist">
      <UniqueIdentifier>{12d75cbe-6b96-4be1-a230-87f5c341fc23}</UniqueIdentifier>
    </Filter>
    <Filter Include="assist\ui">
      <UniqueIdentifier>{2460d908-f6ac-4c55-8609-7305b655e5fd}</UniqueIdentifier>
    </Filter>
    <Filter Include="ctrl\select_code">
      <UniqueIdentifier>{ff97ff8e-2437-4e64-8383-71bd497abb66}</UniqueIdentifier>
    </Filter>
    <Filter Include="common">
      <UniqueIdentifier>{d3ac7af7-1860-496f-9e8d-9a2c57258835}</UniqueIdentifier>
    </Filter>
  </ItemGroup>
  <ItemGroup>
    <Text Include="ReadMe.txt" />
  </ItemGroup>
  <ItemGroup>
    <ClInclude Include="stdafx.h">
      <Filter>头文件</Filter>
    </ClInclude>
    <ClInclude Include="targetver.h">
      <Filter>头文件</Filter>
    </ClInclude>
    <ClInclude Include="SysConfig_Struct.h">
      <Filter>config</Filter>
    </ClInclude>
    <ClInclude Include="PlugLoad.h">
      <Filter>assist</Filter>
    </ClInclude>
    <ClInclude Include="OFInputWndProc.h">
      <Filter>order_dlg</Filter>
    </ClInclude>
    <ClInclude Include="resource.h">
      <Filter>头文件</Filter>
    </ClInclude>
    <ClInclude Include="ctrl\LockBtn.h">
      <Filter>ctrl\expand</Filter>
    </ClInclude>
    <ClInclude Include="ctrl\MultiColComboBox.h">
      <Filter>ctrl\expand</Filter>
    </ClInclude>
    <ClInclude Include="ctrl\MultiColEdit.h">
      <Filter>ctrl\expand</Filter>
    </ClInclude>
    <ClInclude Include="ctrl\DrawStatic.h">
      <Filter>ctrl\expand</Filter>
    </ClInclude>
    <ClInclude Include="ctrl\CodeNameStatic.h">
      <Filter>ctrl\expand</Filter>
    </ClInclude>
    <ClInclude Include="ctrl\OrderBtn.h">
      <Filter>ctrl\expand</Filter>
    </ClInclude>
    <ClInclude Include="ctrl\SubClassEdit.h">
      <Filter>ctrl\expand</Filter>
    </ClInclude>
    <ClInclude Include="ctrl\CxComboBox.h">
      <Filter>ctrl\expand</Filter>
    </ClInclude>
    <ClInclude Include="ctrl\DrawHelper.h">
      <Filter>ctrl\base</Filter>
    </ClInclude>
    <ClInclude Include="ctrl\CxDataCtrl.h">
      <Filter>ctrl\base</Filter>
    </ClInclude>
    <ClInclude Include="KeyBoardSet.h">
      <Filter>config</Filter>
    </ClInclude>
    <ClInclude Include="KeyBoardConfig.h">
      <Filter>config</Filter>
    </ClInclude>
    <ClInclude Include="KeyBoard_Struct.h">
      <Filter>config</Filter>
    </ClInclude>
    <ClInclude Include="KeyBoardSort.h">
      <Filter>config</Filter>
    </ClInclude>
    <ClInclude Include="OFInputDlg.h">
      <Filter>order_dlg</Filter>
    </ClInclude>
    <ClInclude Include="ctrl\SwitchBtn.h">
      <Filter>ctrl\expand</Filter>
    </ClInclude>
    <ClInclude Include="ctrl\CxKeyBoardEdit.h">
      <Filter>ctrl\base</Filter>
    </ClInclude>
    <ClInclude Include="ctrl\CxKeyBoardSpin.h">
      <Filter>ctrl\base</Filter>
    </ClInclude>
    <ClInclude Include="ctrl\CxKeyBoardButton.h">
      <Filter>ctrl\base</Filter>
    </ClInclude>
    <ClInclude Include="ctrl\CxKeyBoardCheck.h">
      <Filter>ctrl\base</Filter>
    </ClInclude>
    <ClInclude Include="PreInclude.h">
      <Filter>头文件</Filter>
    </ClInclude>
    <ClInclude Include="share\popwincode.h">
      <Filter>ctrl\select_code</Filter>
    </ClInclude>
    <ClInclude Include="share\TradeQuoteString.h">
      <Filter>ctrl\select_code</Filter>
    </ClInclude>
    <ClInclude Include="share\AnsicUnicode.h">
      <Filter>ctrl\select_code</Filter>
    </ClInclude>
    <ClInclude Include="share\IOperator.h">
      <Filter>ctrl\select_code</Filter>
    </ClInclude>
    <ClInclude Include="ctrl\CxSpin.h">
      <Filter>ctrl\expand</Filter>
    </ClInclude>
    <ClInclude Include="ctrl\CxSubClassWnd.h">
      <Filter>ctrl\expand</Filter>
    </ClInclude>
    <ClInclude Include="ctrl\CxCheck.h">
      <Filter>ctrl\expand</Filter>
    </ClInclude>
    <ClInclude Include="ctrl\CxEdit.h">
      <Filter>ctrl\expand</Filter>
    </ClInclude>
    <ClInclude Include="ctrl\CxCombox.h">
      <Filter>ctrl\expand</Filter>
    </ClInclude>
    <ClInclude Include="ctrl\IxFrm.h">
      <Filter>ctrl\base</Filter>
    </ClInclude>
    <ClInclude Include="ctrl\IxDlg.h">
      <Filter>ctrl\base</Filter>
    </ClInclude>
    <ClInclude Include="GeneralGlobal.h">
      <Filter>assist</Filter>
    </ClInclude>
    <ClInclude Include="trade_const_trans.h">
      <Filter>assist</Filter>
    </ClInclude>
    <ClInclude Include="Thread\Thread.h">
      <Filter>assist</Filter>
    </ClInclude>
    <ClInclude Include="Language.h">
      <Filter>assist</Filter>
    </ClInclude>
    <ClInclude Include="VKDefine.h">
      <Filter>assist</Filter>
    </ClInclude>
    <ClInclude Include="ctrl\TListView.h">
      <Filter>ctrl\expand</Filter>
    </ClInclude>
    <ClInclude Include="share\popwincodeQ.h">
      <Filter>ctrl\select_code</Filter>
    </ClInclude>
    <ClInclude Include="common\_trade_spi_switch.h">
      <Filter>common</Filter>
    </ClInclude>
    <ClInclude Include="common\trade_spi.h">
      <Filter>common</Filter>
    </ClInclude>
    <ClInclude Include="common\trade_spi_ex.h">
      <Filter>common</Filter>
    </ClInclude>
    <ClInclude Include="common\trade_spi_switch.h">
      <Filter>common</Filter>
    </ClInclude>
    <ClInclude Include="common\language\load_rc.h">
      <Filter>common</Filter>
    </ClInclude>
    <ClInclude Include="common\UIDesign.h">
      <Filter>assist\ui</Filter>
    </ClInclude>
    <ClInclude Include="..\Include_30\Authentication_API.h">
      <Filter>include</Filter>
    </ClInclude>
    <ClInclude Include="..\Include_30\BatchOrder_API.h">
      <Filter>include</Filter>
    </ClInclude>
    <ClInclude Include="..\Include_30\BatchOrder_Struct.h">
      <Filter>include</Filter>
    </ClInclude>
    <ClInclude Include="..\Include_30\CommonModule_API.h">
      <Filter>include</Filter>
    </ClInclude>
    <ClInclude Include="..\Include_30\CommonModule_Struct.h">
      <Filter>include</Filter>
    </ClInclude>
    <ClInclude Include="..\Include_30\ConfigFrame_API.h">
      <Filter>include</Filter>
    </ClInclude>
    <ClInclude Include="..\Include_30\CrudeQuote_API.h">
      <Filter>include</Filter>
    </ClInclude>
    <ClInclude Include="..\Include_30\CspAccess_API.h">
      <Filter>include</Filter>
    </ClInclude>
    <ClInclude Include="..\Include_30\Dui_Basic.h">
      <Filter>include</Filter>
    </ClInclude>
    <ClInclude Include="..\Include_30\Dui_Event.h">
      <Filter>include</Filter>
    </ClInclude>
    <ClInclude Include="..\Include_30\Dui_Extend.h">
      <Filter>include</Filter>
    </ClInclude>
    <ClInclude Include="..\Include_30\Dui_Include.h">
      <Filter>include</Filter>
    </ClInclude>
    <ClInclude Include="..\Include_30\Dui_Type.h">
      <Filter>include</Filter>
    </ClInclude>
    <ClInclude Include="..\Include_30\HisQuoteShell_API.h">
      <Filter>include</Filter>
    </ClInclude>
    <ClInclude Include="..\Include_30\IndexOrder_Api.h">
      <Filter>include</Filter>
    </ClInclude>
    <ClInclude Include="..\Include_30\IQuickData.h">
      <Filter>include</Filter>
    </ClInclude>
    <ClInclude Include="..\Include_30\LanguageApi_API.h">
      <Filter>include</Filter>
    </ClInclude>
    <ClInclude Include="..\Include_30\Logging_API.h">
      <Filter>include</Filter>
    </ClInclude>
    <ClInclude Include="..\Include_30\LoginFrm_API.h">
      <Filter>include</Filter>
    </ClInclude>
    <ClInclude Include="..\Include_30\MainFrame_API.h">
      <Filter>include</Filter>
    </ClInclude>
    <ClInclude Include="..\Include_30\OptionCalc.h">
      <Filter>include</Filter>
    </ClInclude>
    <ClInclude Include="..\Include_30\OptionCalc_API.h">
      <Filter>include</Filter>
    </ClInclude>
    <ClInclude Include="..\Include_30\PluginMgr_API.h">
      <Filter>include</Filter>
    </ClInclude>
    <ClInclude Include="..\Include_30\RawTradeApi_API.h">
      <Filter>include</Filter>
    </ClInclude>
    <ClInclude Include="..\Include_30\RawTradeApi_Struct.h">
      <Filter>include</Filter>
    </ClInclude>
    <ClInclude Include="..\Include_30\RemedyTrade_API.h">
      <Filter>include</Filter>
    </ClInclude>
    <ClInclude Include="..\Include_30\StarApi_API.h">
      <Filter>include</Filter>
    </ClInclude>
    <ClInclude Include="..\Include_30\StarApi_TYPE.h">
      <Filter>include</Filter>
    </ClInclude>
    <ClInclude Include="..\Include_30\StrategyTrade_API.h">
      <Filter>include</Filter>
    </ClInclude>
    <ClInclude Include="..\Include_30\TradeApi_API.h">
      <Filter>include</Filter>
    </ClInclude>
    <ClInclude Include="..\Include_30\TradeApi_Struct.h">
      <Filter>include</Filter>
    </ClInclude>
    <ClInclude Include="..\Include_30\TradeApi_Type.h">
      <Filter>include</Filter>
    </ClInclude>
    <ClInclude Include="..\Include_30\TradeReport_API.h">
      <Filter>include</Filter>
    </ClInclude>
    <ClInclude Include="resource1.h">
      <Filter>头文件</Filter>
    </ClInclude>
    <ClInclude Include="resource2.h">
      <Filter>头文件</Filter>
    </ClInclude>
    <ClInclude Include="resource3.h">
      <Filter>头文件</Filter>
    </ClInclude>
    <ClInclude Include="resource4.h">
      <Filter>头文件</Filter>
    </ClInclude>
    <ClInclude Include="resource5.h">
      <Filter>头文件</Filter>
    </ClInclude>
  </ItemGroup>
  <ItemGroup>
    <ClCompile Include="stdafx.cpp">
      <Filter>源文件</Filter>
    </ClCompile>
    <ClCompile Include="KeyboardOrder.cpp">
      <Filter>源文件</Filter>
    </ClCompile>
    <ClCompile Include="dllmain.cpp">
      <Filter>源文件</Filter>
    </ClCompile>
    <ClCompile Include="PlugLoad.cpp">
      <Filter>assist</Filter>
    </ClCompile>
    <ClCompile Include="OFInputDlg.cpp">
      <Filter>order_dlg</Filter>
    </ClCompile>
    <ClCompile Include="OFInputWndProc.cpp">
      <Filter>order_dlg</Filter>
    </ClCompile>
    <ClCompile Include="ctrl\LockBtn.cpp">
      <Filter>ctrl\expand</Filter>
    </ClCompile>
    <ClCompile Include="ctrl\MultiColComboBox.cpp">
      <Filter>ctrl\expand</Filter>
    </ClCompile>
    <ClCompile Include="ctrl\MultiColEdit.cpp">
      <Filter>ctrl\expand</Filter>
    </ClCompile>
    <ClCompile Include="ctrl\DrawStatic.cpp">
      <Filter>ctrl\expand</Filter>
    </ClCompile>
    <ClCompile Include="ctrl\CodeNameStatic.cpp">
      <Filter>ctrl\expand</Filter>
    </ClCompile>
    <ClCompile Include="ctrl\OrderBtn.cpp">
      <Filter>ctrl\expand</Filter>
    </ClCompile>
    <ClCompile Include="ctrl\SubClassEdit.cpp">
      <Filter>ctrl\expand</Filter>
    </ClCompile>
    <ClCompile Include="ctrl\CxComboBox.cpp">
      <Filter>ctrl\expand</Filter>
    </ClCompile>
    <ClCompile Include="ctrl\DrawHelper.cpp">
      <Filter>ctrl\base</Filter>
    </ClCompile>
    <ClCompile Include="ctrl\CxDataCtrl.cpp">
      <Filter>ctrl\base</Filter>
    </ClCompile>
    <ClCompile Include="KeyBoardSet.cpp">
      <Filter>config</Filter>
    </ClCompile>
    <ClCompile Include="KeyBoardConfig.cpp">
      <Filter>config</Filter>
    </ClCompile>
    <ClCompile Include="KeyBoardSort.cpp">
      <Filter>config</Filter>
    </ClCompile>
    <ClCompile Include="ctrl\SwitchBtn.cpp">
      <Filter>ctrl\expand</Filter>
    </ClCompile>
    <ClCompile Include="ctrl\CxKeyBoardEdit.cpp">
      <Filter>ctrl\base</Filter>
    </ClCompile>
    <ClCompile Include="ctrl\CxKeyBoardSpin.cpp">
      <Filter>ctrl\base</Filter>
    </ClCompile>
    <ClCompile Include="ctrl\CxKeyBoardButton.cpp">
      <Filter>ctrl\base</Filter>
    </ClCompile>
    <ClCompile Include="ctrl\CxKeyBoardCheck.cpp">
      <Filter>ctrl\base</Filter>
    </ClCompile>
    <ClCompile Include="share\popwincode.cpp">
      <Filter>ctrl\select_code</Filter>
    </ClCompile>
    <ClCompile Include="share\TradeQuoteString.cpp">
      <Filter>ctrl\select_code</Filter>
    </ClCompile>
    <ClCompile Include="share\AnsicUnicode.cpp">
      <Filter>ctrl\select_code</Filter>
    </ClCompile>
    <ClCompile Include="ctrl\CxSubClassWnd.cpp">
      <Filter>ctrl\expand</Filter>
    </ClCompile>
    <ClCompile Include="ctrl\CxCheck.cpp">
      <Filter>ctrl\expand</Filter>
    </ClCompile>
    <ClCompile Include="ctrl\CxEdit.cpp">
      <Filter>ctrl\expand</Filter>
    </ClCompile>
    <ClCompile Include="ctrl\CxSpin.cpp">
      <Filter>ctrl\expand</Filter>
    </ClCompile>
    <ClCompile Include="ctrl\CxCombox.cpp">
      <Filter>ctrl\expand</Filter>
    </ClCompile>
    <ClCompile Include="ctrl\IxFrm.cpp">
      <Filter>ctrl\base</Filter>
    </ClCompile>
    <ClCompile Include="ctrl\IxDlg.cpp">
      <Filter>ctrl\base</Filter>
    </ClCompile>
    <ClCompile Include="Thread\Thread.cpp">
      <Filter>assist</Filter>
    </ClCompile>
    <ClCompile Include="ctrl\TListView.cpp">
      <Filter>ctrl\expand</Filter>
    </ClCompile>
    <ClCompile Include="share\popwincodeQ.cpp">
      <Filter>ctrl\select_code</Filter>
    </ClCompile>
    <ClCompile Include="common\trade_spi_ex.cpp">
      <Filter>common</Filter>
    </ClCompile>
    <ClCompile Include="common\language\load_rc.cpp">
      <Filter>common</Filter>
    </ClCompile>
    <ClCompile Include="common\UIDesign.cpp">
      <Filter>assist\ui</Filter>
    </ClCompile>
  </ItemGroup>
  <ItemGroup>
    <None Include="KeyboardOrder.def">
      <Filter>源文件</Filter>
    </None>
  </ItemGroup>
  <ItemGroup>
    <Image Include="res\LockBtn.bmp">
      <Filter>资源文件</Filter>
    </Image>
  </ItemGroup>
  <ItemGroup>
    <ResourceCompile Include="KeyboardOrder.rc">
      <Filter>资源文件</Filter>
    </ResourceCompile>
  </ItemGroup>
</Project>