<?xml version="1.0" encoding="utf-8"?>
<Project ToolsVersion="4.0" xmlns="http://schemas.microsoft.com/developer/msbuild/2003">
  <ItemGroup>
    <Filter Include="源文件">
      <UniqueIdentifier>{4FC737F1-C7A5-4376-A066-2A32D752A2FF}</UniqueIdentifier>
      <Extensions>cpp;c;cc;cxx;def;odl;idl;hpj;bat;asm;asmx</Extensions>
    </Filter>
    <Filter Include="头文件">
      <UniqueIdentifier>{93995380-89BD-4b04-88EB-625FBE52EBFB}</UniqueIdentifier>
      <Extensions>h;hh;hpp;hxx;hm;inl;inc;xsd</Extensions>
    </Filter>
    <Filter Include="资源文件">
      <UniqueIdentifier>{67DA6AB6-F800-4c08-8B7A-83BB121AAD01}</UniqueIdentifier>
      <Extensions>rc;ico;cur;bmp;dlg;rc2;rct;bin;rgs;gif;jpg;jpeg;jpe;resx;tiff;tif;png;wav;mfcribbon-ms</Extensions>
    </Filter>
    <Filter Include="Controls">
      <UniqueIdentifier>{f1ed6e16-ba8d-4a8d-95df-62c6fcfe8024}</UniqueIdentifier>
    </Filter>
    <Filter Include="TradeSpi">
      <UniqueIdentifier>{277aabe5-6aa9-4bd3-b02f-6be9201654ff}</UniqueIdentifier>
    </Filter>
    <Filter Include="Include">
      <UniqueIdentifier>{4bd01716-f3ae-4c17-b3c0-d8547ae75299}</UniqueIdentifier>
    </Filter>
    <Filter Include="Export">
      <UniqueIdentifier>{2827ab35-ff4f-4881-8777-07f7710ef20b}</UniqueIdentifier>
    </Filter>
    <Filter Include="BaseFile">
      <UniqueIdentifier>{2d2bb171-acf9-46d7-bd04-202346e2a9b6}</UniqueIdentifier>
    </Filter>
    <Filter Include="LoadRC">
      <UniqueIdentifier>{276b7f82-717d-424d-afa9-5d1bfc278518}</UniqueIdentifier>
    </Filter>
    <Filter Include="MAIN">
      <UniqueIdentifier>{b12eb503-8882-494e-9e90-7f5376c6b7c9}</UniqueIdentifier>
    </Filter>
  </ItemGroup>
  <ItemGroup>
    <ClCompile Include="..\Export\Export.cpp">
      <Filter>Export</Filter>
    </ClCompile>
    <ClCompile Include="..\BaseFile\IxFrm.cpp">
      <Filter>BaseFile</Filter>
    </ClCompile>
    <ClCompile Include="..\BaseFile\TDataContainer.cpp">
      <Filter>BaseFile</Filter>
    </ClCompile>
    <ClCompile Include="..\BaseFile\TMemDC.cpp">
      <Filter>BaseFile</Filter>
    </ClCompile>
    <ClCompile Include="..\BaseFile\TModalWnd.cpp">
      <Filter>BaseFile</Filter>
    </ClCompile>
    <ClCompile Include="..\BaseFile\UIDesign.cpp">
      <Filter>BaseFile</Filter>
    </ClCompile>
    <ClCompile Include="..\Control\popwincode.cpp">
      <Filter>Controls</Filter>
    </ClCompile>
    <ClCompile Include="..\Control\popwincodelist.cpp">
      <Filter>Controls</Filter>
    </ClCompile>
    <ClCompile Include="..\Control\TCheckbox.cpp">
      <Filter>Controls</Filter>
    </ClCompile>
    <ClCompile Include="..\Control\TCombox.cpp">
      <Filter>Controls</Filter>
    </ClCompile>
    <ClCompile Include="..\Control\TComboxList.cpp">
      <Filter>Controls</Filter>
    </ClCompile>
    <ClCompile Include="..\Control\TDateTime.cpp">
      <Filter>Controls</Filter>
    </ClCompile>
    <ClCompile Include="..\Control\TEdit.cpp">
      <Filter>Controls</Filter>
    </ClCompile>
    <ClCompile Include="..\Control\TListView.cpp">
      <Filter>Controls</Filter>
    </ClCompile>
    <ClCompile Include="..\Control\TLockBtn.cpp">
      <Filter>Controls</Filter>
    </ClCompile>
    <ClCompile Include="..\Control\TMessageBox.cpp">
      <Filter>Controls</Filter>
    </ClCompile>
    <ClCompile Include="..\Control\TOrderButton.cpp">
      <Filter>Controls</Filter>
    </ClCompile>
    <ClCompile Include="..\Control\TPinEdit.cpp">
      <Filter>Controls</Filter>
    </ClCompile>
    <ClCompile Include="..\Control\TPopupWnd.cpp">
      <Filter>Controls</Filter>
    </ClCompile>
    <ClCompile Include="..\Control\TStatic.cpp">
      <Filter>Controls</Filter>
    </ClCompile>
    <ClCompile Include="..\Control\TStaticButton.cpp">
      <Filter>Controls</Filter>
    </ClCompile>
    <ClCompile Include="..\Tradespi\trade_spi_ex.cpp">
      <Filter>TradeSpi</Filter>
    </ClCompile>
    <ClCompile Include="..\LoadRC\AnsicUnicode.cpp">
      <Filter>LoadRC</Filter>
    </ClCompile>
    <ClCompile Include="..\LoadRC\load_rc.cpp">
      <Filter>LoadRC</Filter>
    </ClCompile>
    <ClCompile Include="TSHFEDeepQuoteFrm.cpp">
      <Filter>MAIN</Filter>
    </ClCompile>
    <ClCompile Include="DeepQuoteData.cpp">
      <Filter>MAIN</Filter>
    </ClCompile>
    <ClCompile Include="..\Control\VirtualWnd.cpp">
      <Filter>Controls</Filter>
    </ClCompile>
    <ClCompile Include="ColumnConfigView.cpp">
      <Filter>MAIN</Filter>
    </ClCompile>
    <ClCompile Include="..\BaseFile\TradeQuoteString.cpp">
      <Filter>BaseFile</Filter>
    </ClCompile>
    <ClCompile Include="TSHFEDeepQuoteLoginFrm.cpp">
      <Filter>MAIN</Filter>
    </ClCompile>
    <ClCompile Include="MBLSpiHandler.cpp">
      <Filter>MAIN</Filter>
    </ClCompile>
  </ItemGroup>
  <ItemGroup>
    <ClInclude Include="..\Export\Export.h">
      <Filter>Export</Filter>
    </ClInclude>
    <ClInclude Include="..\BaseFile\IxFrm.h">
      <Filter>BaseFile</Filter>
    </ClInclude>
    <ClInclude Include="..\BaseFile\PreInclude.h">
      <Filter>BaseFile</Filter>
    </ClInclude>
    <ClInclude Include="..\BaseFile\share_struct.h">
      <Filter>BaseFile</Filter>
    </ClInclude>
    <ClInclude Include="..\BaseFile\TDataContainer.h">
      <Filter>BaseFile</Filter>
    </ClInclude>
    <ClInclude Include="..\BaseFile\TMemDC.h">
      <Filter>BaseFile</Filter>
    </ClInclude>
    <ClInclude Include="..\BaseFile\TModalWnd.h">
      <Filter>BaseFile</Filter>
    </ClInclude>
    <ClInclude Include="..\BaseFile\UIDesign.h">
      <Filter>BaseFile</Filter>
    </ClInclude>
    <ClInclude Include="..\Control\popwincode.h">
      <Filter>Controls</Filter>
    </ClInclude>
    <ClInclude Include="..\Control\popwincodelist.h">
      <Filter>Controls</Filter>
    </ClInclude>
    <ClInclude Include="..\Control\TCheckbox.h">
      <Filter>Controls</Filter>
    </ClInclude>
    <ClInclude Include="..\Control\TCombox.h">
      <Filter>Controls</Filter>
    </ClInclude>
    <ClInclude Include="..\Control\TComboxList.h">
      <Filter>Controls</Filter>
    </ClInclude>
    <ClInclude Include="..\Control\TDateTime.h">
      <Filter>Controls</Filter>
    </ClInclude>
    <ClInclude Include="..\Control\TEdit.h">
      <Filter>Controls</Filter>
    </ClInclude>
    <ClInclude Include="..\Control\TListView.h">
      <Filter>Controls</Filter>
    </ClInclude>
    <ClInclude Include="..\Control\TLockBtn.h">
      <Filter>Controls</Filter>
    </ClInclude>
    <ClInclude Include="..\Control\TMessageBox.h">
      <Filter>Controls</Filter>
    </ClInclude>
    <ClInclude Include="..\Control\TOrderButton.h">
      <Filter>Controls</Filter>
    </ClInclude>
    <ClInclude Include="..\Control\TPinEdit.h">
      <Filter>Controls</Filter>
    </ClInclude>
    <ClInclude Include="..\Control\TPopupWnd.h">
      <Filter>Controls</Filter>
    </ClInclude>
    <ClInclude Include="..\Control\TStatic.h">
      <Filter>Controls</Filter>
    </ClInclude>
    <ClInclude Include="..\Control\TStaticButton.h">
      <Filter>Controls</Filter>
    </ClInclude>
    <ClInclude Include="..\Tradespi\_trade_spi_switch.h">
      <Filter>TradeSpi</Filter>
    </ClInclude>
    <ClInclude Include="..\Tradespi\trade_spi.h">
      <Filter>TradeSpi</Filter>
    </ClInclude>
    <ClInclude Include="..\Tradespi\trade_spi_ex.h">
      <Filter>TradeSpi</Filter>
    </ClInclude>
    <ClInclude Include="..\Tradespi\trade_spi_switch.h">
      <Filter>TradeSpi</Filter>
    </ClInclude>
    <ClInclude Include="..\LoadRC\AnsicUnicode.h">
      <Filter>LoadRC</Filter>
    </ClInclude>
    <ClInclude Include="..\LoadRC\CharCodes.h">
      <Filter>LoadRC</Filter>
    </ClInclude>
    <ClInclude Include="..\LoadRC\def_lang.h">
      <Filter>LoadRC</Filter>
    </ClInclude>
    <ClInclude Include="..\LoadRC\load_rc.h">
      <Filter>LoadRC</Filter>
    </ClInclude>
    <ClInclude Include="resource.h">
      <Filter>头文件</Filter>
    </ClInclude>
    <ClInclude Include="TSHFEDeepQuoteFrm.h">
      <Filter>MAIN</Filter>
    </ClInclude>
    <ClInclude Include="DeepQuoteData.h">
      <Filter>MAIN</Filter>
    </ClInclude>
    <ClInclude Include="..\Control\VirtualWnd.h">
      <Filter>Controls</Filter>
    </ClInclude>
    <ClInclude Include="ColumnConfigView.h">
      <Filter>MAIN</Filter>
    </ClInclude>
    <ClInclude Include="..\BaseFile\TradeQuoteString.h">
      <Filter>BaseFile</Filter>
    </ClInclude>
    <ClInclude Include="..\..\Include\RawTradeApi_Struct.h">
      <Filter>Include</Filter>
    </ClInclude>
    <ClInclude Include="..\..\Include\BatchOrder_API.h">
      <Filter>Include</Filter>
    </ClInclude>
    <ClInclude Include="..\..\Include\BatchOrder_Struct.h">
      <Filter>Include</Filter>
    </ClInclude>
    <ClInclude Include="..\..\Include\CommonModule_API.h">
      <Filter>Include</Filter>
    </ClInclude>
    <ClInclude Include="..\..\Include\CommonModule_Struct.h">
      <Filter>Include</Filter>
    </ClInclude>
    <ClInclude Include="..\..\Include\ConfigFrame_API.h">
      <Filter>Include</Filter>
    </ClInclude>
    <ClInclude Include="..\..\Include\HisQuoteShell_API.h">
      <Filter>Include</Filter>
    </ClInclude>
    <ClInclude Include="..\..\Include\LanguageApi_API.h">
      <Filter>Include</Filter>
    </ClInclude>
    <ClInclude Include="..\..\Include\Logging_API.h">
      <Filter>Include</Filter>
    </ClInclude>
    <ClInclude Include="..\..\Include\LoginFrm_API.h">
      <Filter>Include</Filter>
    </ClInclude>
    <ClInclude Include="..\..\Include\MainFrame_API.h">
      <Filter>Include</Filter>
    </ClInclude>
    <ClInclude Include="..\..\Include\OptionCalc_API.h">
      <Filter>Include</Filter>
    </ClInclude>
    <ClInclude Include="..\..\Include\PluginMgr_API.h">
      <Filter>Include</Filter>
    </ClInclude>
    <ClInclude Include="..\..\Include\RawTradeApi_API.h">
      <Filter>Include</Filter>
    </ClInclude>
    <ClInclude Include="..\..\Include\RemedyTrade_API.h">
      <Filter>Include</Filter>
    </ClInclude>
    <ClInclude Include="..\..\Include\StarApi_API.h">
      <Filter>Include</Filter>
    </ClInclude>
    <ClInclude Include="..\..\Include\StarApi_TYPE.h">
      <Filter>Include</Filter>
    </ClInclude>
    <ClInclude Include="..\..\Include\StrategyTrade_API.h">
      <Filter>Include</Filter>
    </ClInclude>
    <ClInclude Include="..\..\Include\TradeApi_API.h">
      <Filter>Include</Filter>
    </ClInclude>
    <ClInclude Include="..\..\Include\TradeApi_Struct.h">
      <Filter>Include</Filter>
    </ClInclude>
    <ClInclude Include="..\..\Include\TradeApi_Type.h">
      <Filter>Include</Filter>
    </ClInclude>
    <ClInclude Include="..\..\Include\TradeReport_API.h">
      <Filter>Include</Filter>
    </ClInclude>
    <ClInclude Include="..\Control\IOperator.h">
      <Filter>Controls</Filter>
    </ClInclude>
    <ClInclude Include="TSHFEDeepQuoteLoginFrm.h">
      <Filter>MAIN</Filter>
    </ClInclude>
    <ClInclude Include="MBLSpiHandler.h">
      <Filter>MAIN</Filter>
    </ClInclude>
    <ClInclude Include="..\BaseFile\MBLApi.h">
      <Filter>BaseFile</Filter>
    </ClInclude>
  </ItemGroup>
  <ItemGroup>
    <ResourceCompile Include="Resource.rc">
      <Filter>资源文件</Filter>
    </ResourceCompile>
  </ItemGroup>
  <ItemGroup>
    <Library Include="MBLdll.lib">
      <Filter>MAIN</Filter>
    </Library>
  </ItemGroup>
</Project>