<?xml version="1.0" encoding="utf-8"?>
<Project ToolsVersion="4.0" xmlns="http://schemas.microsoft.com/developer/msbuild/2003">
  <ItemGroup>
    <Filter Include="资源文件">
      <UniqueIdentifier>{67DA6AB6-F800-4c08-8B7A-83BB121AAD01}</UniqueIdentifier>
      <Extensions>rc;ico;cur;bmp;dlg;rc2;rct;bin;rgs;gif;jpg;jpeg;jpe;resx;tiff;tif;png;wav;mfcribbon-ms</Extensions>
    </Filter>
    <Filter Include="BaseFile">
      <UniqueIdentifier>{93995380-89BD-4b04-88EB-625FBE52EBFB}</UniqueIdentifier>
      <Extensions>h;hh;hpp;hxx;hm;inl;inc;xsd</Extensions>
    </Filter>
    <Filter Include="Model">
      <UniqueIdentifier>{aada04d8-6d2e-457c-b8be-c8d0707355b6}</UniqueIdentifier>
    </Filter>
    <Filter Include="View">
      <UniqueIdentifier>{f73b17a0-5eed-43e7-8e3b-33ea1f9c9c0d}</UniqueIdentifier>
    </Filter>
    <Filter Include="BaseFile\Base">
      <UniqueIdentifier>{cd53772f-f80d-4fee-9973-e07068c74d04}</UniqueIdentifier>
    </Filter>
    <Filter Include="BaseFile\Control">
      <UniqueIdentifier>{e3cc0886-1146-4a72-9a2a-4bb5a6b1fd13}</UniqueIdentifier>
    </Filter>
    <Filter Include="BaseFile\Export_user">
      <UniqueIdentifier>{597df0b4-2efb-4cc4-ad12-a8aa80ac1ffe}</UniqueIdentifier>
    </Filter>
    <Filter Include="BaseFile\Include">
      <UniqueIdentifier>{d6018082-bd47-4fe3-9628-9a001080d8ea}</UniqueIdentifier>
    </Filter>
    <Filter Include="BaseFile\LoadRc">
      <UniqueIdentifier>{8cbf7efd-0b4f-4f87-ac5d-9a2c229bd256}</UniqueIdentifier>
    </Filter>
    <Filter Include="BaseFile\TradeSpi">
      <UniqueIdentifier>{98f18e16-131f-42ad-9aaa-4a690ee89d17}</UniqueIdentifier>
    </Filter>
    <Filter Include="BaseFile\Control\TabControl">
      <UniqueIdentifier>{0d37fb45-6066-40a9-94e0-00918d858182}</UniqueIdentifier>
    </Filter>
  </ItemGroup>
  <ItemGroup>
    <ClInclude Include="Export.h">
      <Filter>BaseFile\Export_user</Filter>
    </ClInclude>
    <ClInclude Include="BaseInclude.h">
      <Filter>BaseFile\Export_user</Filter>
    </ClInclude>
    <ClInclude Include="TAddContractView.h">
      <Filter>View</Filter>
    </ClInclude>
    <ClInclude Include="TShiftPositionView.h">
      <Filter>View</Filter>
    </ClInclude>
    <ClInclude Include="OrderAction.h">
      <Filter>Model</Filter>
    </ClInclude>
    <ClInclude Include="ShiftPosition_Stuct.h">
      <Filter>Model</Filter>
    </ClInclude>
    <ClInclude Include="resource.h">
      <Filter>BaseFile</Filter>
    </ClInclude>
    <ClInclude Include="ShiftQuoteApi.h">
      <Filter>Model</Filter>
    </ClInclude>
    <ClInclude Include="GlobalData.h">
      <Filter>BaseFile\Export_user</Filter>
    </ClInclude>
    <ClInclude Include="TShiftCondition.h">
      <Filter>View</Filter>
    </ClInclude>
    <ClInclude Include="..\BaseFile\Control\TTabControl.h">
      <Filter>BaseFile\Control\TabControl</Filter>
    </ClInclude>
    <ClInclude Include="..\BaseFile\Control\CtlDefine.h">
      <Filter>BaseFile\Control</Filter>
    </ClInclude>
    <ClInclude Include="..\BaseFile\Control\CxButton.h">
      <Filter>BaseFile\Control</Filter>
    </ClInclude>
    <ClInclude Include="..\BaseFile\Control\CxCheck.h">
      <Filter>BaseFile\Control</Filter>
    </ClInclude>
    <ClInclude Include="..\BaseFile\Control\CxCombox.h">
      <Filter>BaseFile\Control</Filter>
    </ClInclude>
    <ClInclude Include="..\BaseFile\Control\CxEdit.h">
      <Filter>BaseFile\Control</Filter>
    </ClInclude>
    <ClInclude Include="..\BaseFile\Control\CxSpin.h">
      <Filter>BaseFile\Control</Filter>
    </ClInclude>
    <ClInclude Include="..\BaseFile\Control\CxSpinEdit.h">
      <Filter>BaseFile\Control</Filter>
    </ClInclude>
    <ClInclude Include="..\BaseFile\Control\CxSubClassWnd.h">
      <Filter>BaseFile\Control</Filter>
    </ClInclude>
    <ClInclude Include="..\BaseFile\Control\popwincode.h">
      <Filter>BaseFile\Control</Filter>
    </ClInclude>
    <ClInclude Include="..\BaseFile\Control\popwincodelist.h">
      <Filter>BaseFile\Control</Filter>
    </ClInclude>
    <ClInclude Include="..\BaseFile\Control\TComboxList.h">
      <Filter>BaseFile\Control</Filter>
    </ClInclude>
    <ClInclude Include="..\BaseFile\Control\TListView.h">
      <Filter>BaseFile\Control</Filter>
    </ClInclude>
    <ClInclude Include="..\BaseFile\Control\TPopupWnd.h">
      <Filter>BaseFile\Control</Filter>
    </ClInclude>
    <ClInclude Include="..\BaseFile\Control\TStatic.h">
      <Filter>BaseFile\Control</Filter>
    </ClInclude>
    <ClInclude Include="..\BaseFile\Control\TStaticButton.h">
      <Filter>BaseFile\Control</Filter>
    </ClInclude>
    <ClInclude Include="..\BaseFile\Base\IxFrm.h">
      <Filter>BaseFile\Base</Filter>
    </ClInclude>
    <ClInclude Include="..\BaseFile\Base\share_struct.h">
      <Filter>BaseFile\Base</Filter>
    </ClInclude>
    <ClInclude Include="..\BaseFile\Base\TDataContainer.h">
      <Filter>BaseFile\Base</Filter>
    </ClInclude>
    <ClInclude Include="..\BaseFile\Base\TMemDC.h">
      <Filter>BaseFile\Base</Filter>
    </ClInclude>
    <ClInclude Include="..\BaseFile\Base\TMessageBox.h">
      <Filter>BaseFile\Base</Filter>
    </ClInclude>
    <ClInclude Include="..\BaseFile\Base\TModalWnd.h">
      <Filter>BaseFile\Base</Filter>
    </ClInclude>
    <ClInclude Include="..\BaseFile\Base\TradeQuoteString.h">
      <Filter>BaseFile\Base</Filter>
    </ClInclude>
    <ClInclude Include="..\BaseFile\Base\TStringConvert.h">
      <Filter>BaseFile\Base</Filter>
    </ClInclude>
    <ClInclude Include="..\BaseFile\Base\UIDesign.h">
      <Filter>BaseFile\Base</Filter>
    </ClInclude>
    <ClInclude Include="..\BaseFile\Base\VirtualWnd.h">
      <Filter>BaseFile\Base</Filter>
    </ClInclude>
    <ClInclude Include="..\BaseFile\LoadRC\CharCodes.h">
      <Filter>BaseFile\LoadRc</Filter>
    </ClInclude>
    <ClInclude Include="..\BaseFile\LoadRC\def_lang.h">
      <Filter>BaseFile\LoadRc</Filter>
    </ClInclude>
    <ClInclude Include="..\BaseFile\LoadRC\load_rc.h">
      <Filter>BaseFile\LoadRc</Filter>
    </ClInclude>
    <ClInclude Include="..\BaseFile\Tradespi\_trade_spi_switch.h">
      <Filter>BaseFile\TradeSpi</Filter>
    </ClInclude>
    <ClInclude Include="..\BaseFile\Tradespi\trade_spi.h">
      <Filter>BaseFile\TradeSpi</Filter>
    </ClInclude>
    <ClInclude Include="..\BaseFile\Tradespi\trade_spi_ex.h">
      <Filter>BaseFile\TradeSpi</Filter>
    </ClInclude>
    <ClInclude Include="..\BaseFile\Tradespi\trade_spi_switch.h">
      <Filter>BaseFile\TradeSpi</Filter>
    </ClInclude>
    <ClInclude Include="CxRichEdit.h">
      <Filter>BaseFile\Control</Filter>
    </ClInclude>
    <ClInclude Include="TShiftOrderConfig.h">
      <Filter>View</Filter>
    </ClInclude>
    <ClInclude Include="..\BaseFile\Base\AnsicUnicode.h">
      <Filter>BaseFile\Base</Filter>
    </ClInclude>
    <ClInclude Include="..\..\Include\BatchOrder_API.h">
      <Filter>BaseFile\Include</Filter>
    </ClInclude>
    <ClInclude Include="..\..\Include\BatchOrder_Struct.h">
      <Filter>BaseFile\Include</Filter>
    </ClInclude>
    <ClInclude Include="..\..\Include\CommonModule_API.h">
      <Filter>BaseFile\Include</Filter>
    </ClInclude>
    <ClInclude Include="..\..\Include\CommonModule_Struct.h">
      <Filter>BaseFile\Include</Filter>
    </ClInclude>
    <ClInclude Include="..\..\Include\ConfigFrame_API.h">
      <Filter>BaseFile\Include</Filter>
    </ClInclude>
    <ClInclude Include="..\..\Include\HisQuoteShell_API.h">
      <Filter>BaseFile\Include</Filter>
    </ClInclude>
    <ClInclude Include="..\..\Include\LanguageApi_API.h">
      <Filter>BaseFile\Include</Filter>
    </ClInclude>
    <ClInclude Include="..\..\Include\Logging_API.h">
      <Filter>BaseFile\Include</Filter>
    </ClInclude>
    <ClInclude Include="..\..\Include\LoginFrm_API.h">
      <Filter>BaseFile\Include</Filter>
    </ClInclude>
    <ClInclude Include="..\..\Include\MainFrame_API.h">
      <Filter>BaseFile\Include</Filter>
    </ClInclude>
    <ClInclude Include="..\..\Include\OptionCalc_API.h">
      <Filter>BaseFile\Include</Filter>
    </ClInclude>
    <ClInclude Include="..\..\Include\PluginMgr_API.h">
      <Filter>BaseFile\Include</Filter>
    </ClInclude>
    <ClInclude Include="..\..\Include\RawTradeApi_API.h">
      <Filter>BaseFile\Include</Filter>
    </ClInclude>
    <ClInclude Include="..\..\Include\RawTradeApi_Struct.h">
      <Filter>BaseFile\Include</Filter>
    </ClInclude>
    <ClInclude Include="..\..\Include\RemedyTrade_API.h">
      <Filter>BaseFile\Include</Filter>
    </ClInclude>
    <ClInclude Include="..\..\Include\StarApi_API.h">
      <Filter>BaseFile\Include</Filter>
    </ClInclude>
    <ClInclude Include="..\..\Include\StarApi_TYPE.h">
      <Filter>BaseFile\Include</Filter>
    </ClInclude>
    <ClInclude Include="..\..\Include\StrategyTrade_API.h">
      <Filter>BaseFile\Include</Filter>
    </ClInclude>
    <ClInclude Include="..\..\Include\TradeApi_API.h">
      <Filter>BaseFile\Include</Filter>
    </ClInclude>
    <ClInclude Include="..\..\Include\TradeApi_Struct.h">
      <Filter>BaseFile\Include</Filter>
    </ClInclude>
    <ClInclude Include="..\..\Include\TradeApi_Type.h">
      <Filter>BaseFile\Include</Filter>
    </ClInclude>
    <ClInclude Include="..\..\Include\TradeReport_API.h">
      <Filter>BaseFile\Include</Filter>
    </ClInclude>
    <ClInclude Include="..\BaseFile\Control\IOperator.h">
      <Filter>BaseFile\Control</Filter>
    </ClInclude>
  </ItemGroup>
  <ItemGroup>
    <ClCompile Include="Export.cpp">
      <Filter>BaseFile\Export_user</Filter>
    </ClCompile>
    <ClCompile Include="GlobalData.cpp">
      <Filter>BaseFile\Export_user</Filter>
    </ClCompile>
    <ClCompile Include="TShiftPositionView.cpp">
      <Filter>View</Filter>
    </ClCompile>
    <ClCompile Include="TAddContractView.cpp">
      <Filter>View</Filter>
    </ClCompile>
    <ClCompile Include="OrderAction.cpp">
      <Filter>Model</Filter>
    </ClCompile>
    <ClCompile Include="shiftQuoteApi.cpp">
      <Filter>Model</Filter>
    </ClCompile>
    <ClCompile Include="TShiftCondition.cpp">
      <Filter>View</Filter>
    </ClCompile>
    <ClCompile Include="..\BaseFile\Control\TTabControl.cpp">
      <Filter>BaseFile\Control\TabControl</Filter>
    </ClCompile>
    <ClCompile Include="..\BaseFile\Control\CxButton.cpp">
      <Filter>BaseFile\Control</Filter>
    </ClCompile>
    <ClCompile Include="..\BaseFile\Control\CxCheck.cpp">
      <Filter>BaseFile\Control</Filter>
    </ClCompile>
    <ClCompile Include="..\BaseFile\Control\CxCombox.cpp">
      <Filter>BaseFile\Control</Filter>
    </ClCompile>
    <ClCompile Include="..\BaseFile\Control\CxEdit.cpp">
      <Filter>BaseFile\Control</Filter>
    </ClCompile>
    <ClCompile Include="..\BaseFile\Control\CxSpin.cpp">
      <Filter>BaseFile\Control</Filter>
    </ClCompile>
    <ClCompile Include="..\BaseFile\Control\CxSpinEdit.cpp">
      <Filter>BaseFile\Control</Filter>
    </ClCompile>
    <ClCompile Include="..\BaseFile\Control\CxSubClassWnd.cpp">
      <Filter>BaseFile\Control</Filter>
    </ClCompile>
    <ClCompile Include="..\BaseFile\Control\popwincode.cpp">
      <Filter>BaseFile\Control</Filter>
    </ClCompile>
    <ClCompile Include="..\BaseFile\Control\popwincodelist.cpp">
      <Filter>BaseFile\Control</Filter>
    </ClCompile>
    <ClCompile Include="..\BaseFile\Control\TComboxList.cpp">
      <Filter>BaseFile\Control</Filter>
    </ClCompile>
    <ClCompile Include="..\BaseFile\Control\TListView.cpp">
      <Filter>BaseFile\Control</Filter>
    </ClCompile>
    <ClCompile Include="..\BaseFile\Control\TPopupWnd.cpp">
      <Filter>BaseFile\Control</Filter>
    </ClCompile>
    <ClCompile Include="..\BaseFile\Control\TStatic.cpp">
      <Filter>BaseFile\Control</Filter>
    </ClCompile>
    <ClCompile Include="..\BaseFile\Control\TStaticButton.cpp">
      <Filter>BaseFile\Control</Filter>
    </ClCompile>
    <ClCompile Include="..\BaseFile\Base\IxFrm.cpp">
      <Filter>BaseFile\Base</Filter>
    </ClCompile>
    <ClCompile Include="..\BaseFile\Base\TDataContainer.cpp">
      <Filter>BaseFile\Base</Filter>
    </ClCompile>
    <ClCompile Include="..\BaseFile\Base\TMemDC.cpp">
      <Filter>BaseFile\Base</Filter>
    </ClCompile>
    <ClCompile Include="..\BaseFile\Base\TMessageBox.cpp">
      <Filter>BaseFile\Base</Filter>
    </ClCompile>
    <ClCompile Include="..\BaseFile\Base\TModalWnd.cpp">
      <Filter>BaseFile\Base</Filter>
    </ClCompile>
    <ClCompile Include="..\BaseFile\Base\TradeQuoteString.cpp">
      <Filter>BaseFile\Base</Filter>
    </ClCompile>
    <ClCompile Include="..\BaseFile\Base\TStringConvert.cpp">
      <Filter>BaseFile\Base</Filter>
    </ClCompile>
    <ClCompile Include="..\BaseFile\Base\UIDesign.cpp">
      <Filter>BaseFile\Base</Filter>
    </ClCompile>
    <ClCompile Include="..\BaseFile\Base\VirtualWnd.cpp">
      <Filter>BaseFile\Base</Filter>
    </ClCompile>
    <ClCompile Include="..\BaseFile\LoadRC\load_rc.cpp">
      <Filter>BaseFile\LoadRc</Filter>
    </ClCompile>
    <ClCompile Include="..\BaseFile\Tradespi\trade_spi_ex.cpp">
      <Filter>BaseFile\TradeSpi</Filter>
    </ClCompile>
    <ClCompile Include="CxRichEdit.cpp">
      <Filter>BaseFile\Control</Filter>
    </ClCompile>
    <ClCompile Include="TShiftOrderConfig.cpp">
      <Filter>View</Filter>
    </ClCompile>
    <ClCompile Include="..\BaseFile\Base\AnsicUnicode.cpp">
      <Filter>BaseFile\Base</Filter>
    </ClCompile>
  </ItemGroup>
  <ItemGroup>
    <ResourceCompile Include="ShiftPosition.rc">
      <Filter>资源文件</Filter>
    </ResourceCompile>
  </ItemGroup>
  <ItemGroup>
    <Image Include="icon1.ico">
      <Filter>资源文件</Filter>
    </Image>
    <Image Include="icon2.ico">
      <Filter>资源文件</Filter>
    </Image>
  </ItemGroup>
</Project>