<?xml version="1.0" encoding="utf-8"?>
<Project ToolsVersion="4.0" xmlns="http://schemas.microsoft.com/developer/msbuild/2003">
  <ItemGroup>
    <Filter Include="资源文件">
      <UniqueIdentifier>{67DA6AB6-F800-4c08-8B7A-83BB121AAD01}</UniqueIdentifier>
      <Extensions>rc;ico;cur;bmp;dlg;rc2;rct;bin;rgs;gif;jpg;jpeg;jpe;resx;tiff;tif;png;wav;mfcribbon-ms</Extensions>
    </Filter>
    <Filter Include="PreInclude">
      <UniqueIdentifier>{4FC737F1-C7A5-4376-A066-2A32D752A2FF}</UniqueIdentifier>
      <Extensions>cpp;c;cc;cxx;def;odl;idl;hpj;bat;asm;asmx</Extensions>
    </Filter>
    <Filter Include="Presenter">
      <UniqueIdentifier>{a5dae231-d5b3-4e60-8f27-70b3f6345646}</UniqueIdentifier>
    </Filter>
    <Filter Include="AppFramework">
      <UniqueIdentifier>{caebb329-9ea4-4514-b63a-885612b6dddc}</UniqueIdentifier>
    </Filter>
    <Filter Include="Model">
      <UniqueIdentifier>{e22bb0b6-7f85-4e86-aae7-90af2676b8ee}</UniqueIdentifier>
    </Filter>
    <Filter Include="View">
      <UniqueIdentifier>{9b572379-ed2b-4b09-9e01-61514b4f1b90}</UniqueIdentifier>
    </Filter>
    <Filter Include="Mediator">
      <UniqueIdentifier>{95c4a9cf-76c2-4c26-95e4-925a20b709bf}</UniqueIdentifier>
    </Filter>
    <Filter Include="BaseFile">
      <UniqueIdentifier>{715a2641-f443-49cc-a927-fd909dff19e6}</UniqueIdentifier>
    </Filter>
    <Filter Include="BaseFile\Base">
      <UniqueIdentifier>{8961ff48-32e6-4762-9440-867ed27486a7}</UniqueIdentifier>
    </Filter>
    <Filter Include="BaseFile\Export">
      <UniqueIdentifier>{df5f5d13-1245-4d4c-8d69-09170107d165}</UniqueIdentifier>
    </Filter>
    <Filter Include="BaseFile\LoadRC">
      <UniqueIdentifier>{0c2f91ea-36eb-4982-98ec-cf514b727bd6}</UniqueIdentifier>
    </Filter>
    <Filter Include="BaseFile\TradeSpi">
      <UniqueIdentifier>{5e2b56d4-d9c7-4cf7-829a-c32c26268e16}</UniqueIdentifier>
    </Filter>
    <Filter Include="BaseFile\Control">
      <UniqueIdentifier>{3863c779-4796-46b0-aa41-f36e0b3131b3}</UniqueIdentifier>
    </Filter>
    <Filter Include="TKeyConfig">
      <UniqueIdentifier>{ea2a4050-e8fa-41f8-9d5f-0736352fbd16}</UniqueIdentifier>
    </Filter>
    <Filter Include="Popup">
      <UniqueIdentifier>{aaecc4aa-c92f-4107-964d-aef043353127}</UniqueIdentifier>
    </Filter>
    <Filter Include="Model\TradeInfo">
      <UniqueIdentifier>{3f1d817b-b89c-48e0-b245-d0d8e0790c0f}</UniqueIdentifier>
    </Filter>
    <Filter Include="BaseFile\Export\Include">
      <UniqueIdentifier>{90b12d9a-0d91-4d64-906d-887adde954ed}</UniqueIdentifier>
    </Filter>
    <Filter Include="TKeyOrderApi">
      <UniqueIdentifier>{0d6b6db0-c5ae-4aeb-a217-df95dc45d396}</UniqueIdentifier>
    </Filter>
    <Filter Include="View\TradeInfo">
      <UniqueIdentifier>{1a7dfebb-7fc3-4f71-901a-99b577a9e28f}</UniqueIdentifier>
    </Filter>
  </ItemGroup>
  <ItemGroup>
    <ClInclude Include="PreInclude.h">
      <Filter>PreInclude</Filter>
    </ClInclude>
    <ClInclude Include="..\..\Include\CommonModule_API.h">
      <Filter>BaseFile\Export\Include</Filter>
    </ClInclude>
    <ClInclude Include="..\..\Include\CommonModule_Struct.h">
      <Filter>BaseFile\Export\Include</Filter>
    </ClInclude>
    <ClInclude Include="..\..\Include\ConfigFrame_API.h">
      <Filter>BaseFile\Export\Include</Filter>
    </ClInclude>
    <ClInclude Include="..\..\Include\HisQuoteApi_API.h">
      <Filter>BaseFile\Export\Include</Filter>
    </ClInclude>
    <ClInclude Include="..\..\Include\HisQuoteShell_API.h">
      <Filter>BaseFile\Export\Include</Filter>
    </ClInclude>
    <ClInclude Include="..\..\Include\LanguageApi_API.h">
      <Filter>BaseFile\Export\Include</Filter>
    </ClInclude>
    <ClInclude Include="..\..\Include\LocalSpread_API.h">
      <Filter>BaseFile\Export\Include</Filter>
    </ClInclude>
    <ClInclude Include="..\..\Include\LoginFrm_API.h">
      <Filter>BaseFile\Export\Include</Filter>
    </ClInclude>
    <ClInclude Include="..\..\Include\LogService_API.h">
      <Filter>BaseFile\Export\Include</Filter>
    </ClInclude>
    <ClInclude Include="..\..\Include\MainFrame_API.h">
      <Filter>BaseFile\Export\Include</Filter>
    </ClInclude>
    <ClInclude Include="..\..\Include\OptionCalc_API.h">
      <Filter>BaseFile\Export\Include</Filter>
    </ClInclude>
    <ClInclude Include="..\..\Include\PluginMgr_API.h">
      <Filter>BaseFile\Export\Include</Filter>
    </ClInclude>
    <ClInclude Include="..\..\Include\PluginMgrMgr_API.h">
      <Filter>BaseFile\Export\Include</Filter>
    </ClInclude>
    <ClInclude Include="..\..\Include\QuoteApi_API.h">
      <Filter>BaseFile\Export\Include</Filter>
    </ClInclude>
    <ClInclude Include="..\..\Include\RawQuoteApi_API.h">
      <Filter>BaseFile\Export\Include</Filter>
    </ClInclude>
    <ClInclude Include="..\..\Include\RawTradeApi_API.h">
      <Filter>BaseFile\Export\Include</Filter>
    </ClInclude>
    <ClInclude Include="..\..\Include\RawTradeApi_Struct.h">
      <Filter>BaseFile\Export\Include</Filter>
    </ClInclude>
    <ClInclude Include="..\..\Include\RemedyTrade_API.h">
      <Filter>BaseFile\Export\Include</Filter>
    </ClInclude>
    <ClInclude Include="resource.h">
      <Filter>BaseFile\Export\Include</Filter>
    </ClInclude>
    <ClInclude Include="..\..\Include\spread_struct - 副本.h">
      <Filter>BaseFile\Export\Include</Filter>
    </ClInclude>
    <ClInclude Include="..\..\Include\spread_struct.h">
      <Filter>BaseFile\Export\Include</Filter>
    </ClInclude>
    <ClInclude Include="..\..\Include\StopLossProfit_API.h">
      <Filter>BaseFile\Export\Include</Filter>
    </ClInclude>
    <ClInclude Include="..\..\Include\StopLossProfit_Struct.h">
      <Filter>BaseFile\Export\Include</Filter>
    </ClInclude>
    <ClInclude Include="..\..\Include\StopTrade_API.h">
      <Filter>BaseFile\Export\Include</Filter>
    </ClInclude>
    <ClInclude Include="..\..\Include\SysNotice_API.h">
      <Filter>BaseFile\Export\Include</Filter>
    </ClInclude>
    <ClInclude Include="..\..\Include\TradeApi_API.h">
      <Filter>BaseFile\Export\Include</Filter>
    </ClInclude>
    <ClInclude Include="..\..\Include\TradeApi_Struct.h">
      <Filter>BaseFile\Export\Include</Filter>
    </ClInclude>
    <ClInclude Include="..\..\Include\TradeApi_Type.h">
      <Filter>BaseFile\Export\Include</Filter>
    </ClInclude>
    <ClInclude Include="..\..\Include\TradeReport_API.h">
      <Filter>BaseFile\Export\Include</Filter>
    </ClInclude>
    <ClInclude Include="..\AppFramework\IAppFramework.h">
      <Filter>AppFramework</Filter>
    </ClInclude>
    <ClInclude Include="..\Presenter\Presenter.h">
      <Filter>Presenter</Filter>
    </ClInclude>
    <ClInclude Include="..\Model\Model.h">
      <Filter>Model</Filter>
    </ClInclude>
    <ClInclude Include="..\View\ViewThreeKey.h">
      <Filter>View</Filter>
    </ClInclude>
    <ClInclude Include="..\Presenter\Mediator.h">
      <Filter>Mediator</Filter>
    </ClInclude>
    <ClInclude Include="..\BaseFile\Tradespi\_trade_spi_switch.h">
      <Filter>BaseFile\TradeSpi</Filter>
    </ClInclude>
    <ClInclude Include="..\BaseFile\Tradespi\trade_spi_ex.h">
      <Filter>BaseFile\TradeSpi</Filter>
    </ClInclude>
    <ClInclude Include="..\BaseFile\Tradespi\trade_spi_switch.h">
      <Filter>BaseFile\TradeSpi</Filter>
    </ClInclude>
    <ClInclude Include="..\BaseFile\LoadRC\CharCodes.h">
      <Filter>BaseFile\LoadRC</Filter>
    </ClInclude>
    <ClInclude Include="..\BaseFile\LoadRC\def_lang.h">
      <Filter>BaseFile\LoadRC</Filter>
    </ClInclude>
    <ClInclude Include="..\BaseFile\LoadRC\load_rc.h">
      <Filter>BaseFile\LoadRC</Filter>
    </ClInclude>
    <ClInclude Include="..\BaseFile\Export\Export.h">
      <Filter>BaseFile\Export</Filter>
    </ClInclude>
    <ClInclude Include="..\BaseFile\Export\GlobalData.h">
      <Filter>BaseFile\Export</Filter>
    </ClInclude>
    <ClInclude Include="..\BaseFile\Control\CtlDefine.h">
      <Filter>BaseFile\Control</Filter>
    </ClInclude>
    <ClInclude Include="..\BaseFile\Control\CxCheck.h">
      <Filter>BaseFile\Control</Filter>
    </ClInclude>
    <ClInclude Include="..\BaseFile\Control\CxCombox.h">
      <Filter>BaseFile\Control</Filter>
    </ClInclude>
    <ClInclude Include="..\BaseFile\Control\CxEdit.h">
      <Filter>BaseFile\Control</Filter>
    </ClInclude>
    <ClInclude Include="..\BaseFile\Control\CxSpin.h">
      <Filter>BaseFile\Control</Filter>
    </ClInclude>
    <ClInclude Include="..\BaseFile\Control\CxSpinEdit.h">
      <Filter>BaseFile\Control</Filter>
    </ClInclude>
    <ClInclude Include="..\BaseFile\Control\CxSubClassWnd.h">
      <Filter>BaseFile\Control</Filter>
    </ClInclude>
    <ClInclude Include="..\BaseFile\Control\TListView.h">
      <Filter>BaseFile\Control</Filter>
    </ClInclude>
    <ClInclude Include="..\BaseFile\Control\TStaticButton.h">
      <Filter>BaseFile\Control</Filter>
    </ClInclude>
    <ClInclude Include="..\BaseFile\Control\TStatic.h">
      <Filter>BaseFile\Control</Filter>
    </ClInclude>
    <ClInclude Include="..\BaseFile\Control\TTreeView.h">
      <Filter>BaseFile\Control</Filter>
    </ClInclude>
    <ClInclude Include="..\BaseFile\Base\TMessageBox.h">
      <Filter>BaseFile\Base</Filter>
    </ClInclude>
    <ClInclude Include="..\BaseFile\Base\IxFrm.h">
      <Filter>BaseFile\Base</Filter>
    </ClInclude>
    <ClInclude Include="..\BaseFile\Base\TDataContainer.h">
      <Filter>BaseFile\Base</Filter>
    </ClInclude>
    <ClInclude Include="..\BaseFile\Base\TMemDC.h">
      <Filter>BaseFile\Base</Filter>
    </ClInclude>
    <ClInclude Include="..\BaseFile\Base\TModalWnd.h">
      <Filter>BaseFile\Base</Filter>
    </ClInclude>
    <ClInclude Include="..\BaseFile\Base\UIDesign.h">
      <Filter>BaseFile\Base</Filter>
    </ClInclude>
    <ClInclude Include="..\ThreeKeyConfig\ChasePriceConfig.h">
      <Filter>TKeyConfig</Filter>
    </ClInclude>
    <ClInclude Include="..\ThreeKeyConfig\ConfigFrms.h">
      <Filter>TKeyConfig</Filter>
    </ClInclude>
    <ClInclude Include="..\ThreeKeyConfig\DefaultQtyConfig.h">
      <Filter>TKeyConfig</Filter>
    </ClInclude>
    <ClInclude Include="..\ThreeKeyConfig\OptionConfigFrm.h">
      <Filter>TKeyConfig</Filter>
    </ClInclude>
    <ClInclude Include="..\ThreeKeyConfig\StopLossParamFrm.h">
      <Filter>TKeyConfig</Filter>
    </ClInclude>
    <ClInclude Include="..\ThreeKeyConfig\SuperPriceConfig.h">
      <Filter>TKeyConfig</Filter>
    </ClInclude>
    <ClInclude Include="..\ThreeKeyConfig\ThreeKeyConfig_Struct.h">
      <Filter>TKeyConfig</Filter>
    </ClInclude>
    <ClInclude Include="TConfigFrm.h">
      <Filter>TKeyConfig</Filter>
    </ClInclude>
    <ClInclude Include="..\Popup\popwin.h">
      <Filter>Popup</Filter>
    </ClInclude>
    <ClInclude Include="..\Popup\popwincode.h">
      <Filter>Popup</Filter>
    </ClInclude>
    <ClInclude Include="..\Popup\VirtualWnd.h">
      <Filter>Popup</Filter>
    </ClInclude>
    <ClInclude Include="..\BaseFile\Base\TradeQuoteString.h">
      <Filter>BaseFile\Base</Filter>
    </ClInclude>
    <ClInclude Include="..\BaseFile\Base\share_struct.h">
      <Filter>BaseFile\Base</Filter>
    </ClInclude>
    <ClInclude Include="..\BaseFile\Base\AnsicUnicode.h">
      <Filter>BaseFile\Base</Filter>
    </ClInclude>
    <ClInclude Include="..\View\TOrderView.h">
      <Filter>View</Filter>
    </ClInclude>
    <ClInclude Include="..\View\TTradeInfo.h">
      <Filter>View</Filter>
    </ClInclude>
    <ClInclude Include="..\View\TLogView.h">
      <Filter>View</Filter>
    </ClInclude>
    <ClInclude Include="..\BaseFile\Control\TLockCheck.h">
      <Filter>BaseFile\Control</Filter>
    </ClInclude>
    <ClInclude Include="..\BaseFile\Control\TOrderButton.h">
      <Filter>BaseFile\Control</Filter>
    </ClInclude>
    <ClInclude Include="..\BaseFile\Control\TRichEdit.h">
      <Filter>BaseFile\Control</Filter>
    </ClInclude>
    <ClInclude Include="..\BaseFile\Control\TTabControl.h">
      <Filter>BaseFile\Control</Filter>
    </ClInclude>
    <ClInclude Include="..\BaseFile\Control\TComboxList.h">
      <Filter>BaseFile\Control</Filter>
    </ClInclude>
    <ClInclude Include="..\BaseFile\Base\TPopupWnd.h">
      <Filter>BaseFile\Base</Filter>
    </ClInclude>
    <ClInclude Include="..\Model\TUserData.h">
      <Filter>Model</Filter>
    </ClInclude>
    <ClInclude Include="..\BaseFile\Base\TStringConvert.h">
      <Filter>BaseFile\Base</Filter>
    </ClInclude>
    <ClInclude Include="..\Model\TStopLP.h">
      <Filter>Model</Filter>
    </ClInclude>
    <ClInclude Include="..\Model\TStopLPEx.h">
      <Filter>Model</Filter>
    </ClInclude>
    <ClInclude Include="..\Model\TradeInfoModel.h">
      <Filter>Model</Filter>
    </ClInclude>
    <ClInclude Include="..\Model\TThreeKeyData.h">
      <Filter>Model</Filter>
    </ClInclude>
    <ClInclude Include="TradeAction.h">
      <Filter>Model</Filter>
    </ClInclude>
    <ClInclude Include="..\View\TStopLPView.h">
      <Filter>View</Filter>
    </ClInclude>
    <ClInclude Include="..\Model\TAddModStopLPData.h">
      <Filter>Model</Filter>
    </ClInclude>
    <ClInclude Include="TWriteInfo.h">
      <Filter>Model\TradeInfo</Filter>
    </ClInclude>
    <ClInclude Include="..\View\TSpecialPrice.h">
      <Filter>View</Filter>
    </ClInclude>
    <ClInclude Include="..\View\TShiftPosition.h">
      <Filter>View</Filter>
    </ClInclude>
    <ClInclude Include="..\View\TOpenStopFrm.h">
      <Filter>View</Filter>
    </ClInclude>
    <ClInclude Include="..\View\TConditionOrderFrm.h">
      <Filter>View</Filter>
    </ClInclude>
    <ClInclude Include="..\BaseFile\Control\TDateTime.h">
      <Filter>BaseFile\Control</Filter>
    </ClInclude>
    <ClInclude Include="..\Model\TConOrderModel.h">
      <Filter>Model</Filter>
    </ClInclude>
    <ClInclude Include="..\View\TStatusBar.h">
      <Filter>View</Filter>
    </ClInclude>
    <ClInclude Include="TModifyConView.h">
      <Filter>View</Filter>
    </ClInclude>
    <ClInclude Include="..\BaseFile\BaseInclude.h">
      <Filter>BaseFile</Filter>
    </ClInclude>
    <ClInclude Include="TKeyOrderApi.h">
      <Filter>TKeyOrderApi</Filter>
    </ClInclude>
    <ClInclude Include="..\BaseFile\Tradespi\trade_spi.h">
      <Filter>BaseFile\TradeSpi</Filter>
    </ClInclude>
    <ClInclude Include="..\Popup\popwincodelist.h">
      <Filter>Popup</Filter>
    </ClInclude>
  </ItemGroup>
  <ItemGroup>
    <ClCompile Include="..\Presenter\Presenter.cpp">
      <Filter>Presenter</Filter>
    </ClCompile>
    <ClCompile Include="..\Model\Model.cpp">
      <Filter>Model</Filter>
    </ClCompile>
    <ClCompile Include="..\View\ViewThreeKey.cpp">
      <Filter>View</Filter>
    </ClCompile>
    <ClCompile Include="..\Presenter\Mediator.cpp">
      <Filter>Mediator</Filter>
    </ClCompile>
    <ClCompile Include="..\BaseFile\Control\CxCheck.cpp">
      <Filter>BaseFile\Control</Filter>
    </ClCompile>
    <ClCompile Include="..\BaseFile\Control\CxCombox.cpp">
      <Filter>BaseFile\Control</Filter>
    </ClCompile>
    <ClCompile Include="..\BaseFile\Control\CxEdit.cpp">
      <Filter>BaseFile\Control</Filter>
    </ClCompile>
    <ClCompile Include="..\BaseFile\Control\CxSpin.cpp">
      <Filter>BaseFile\Control</Filter>
    </ClCompile>
    <ClCompile Include="..\BaseFile\Control\CxSpinEdit.cpp">
      <Filter>BaseFile\Control</Filter>
    </ClCompile>
    <ClCompile Include="..\BaseFile\Control\CxSubClassWnd.cpp">
      <Filter>BaseFile\Control</Filter>
    </ClCompile>
    <ClCompile Include="..\BaseFile\Control\TListView.cpp">
      <Filter>BaseFile\Control</Filter>
    </ClCompile>
    <ClCompile Include="..\BaseFile\Control\TTreeView.cpp">
      <Filter>BaseFile\Control</Filter>
    </ClCompile>
    <ClCompile Include="..\BaseFile\Export\Export.cpp">
      <Filter>BaseFile\Export</Filter>
    </ClCompile>
    <ClCompile Include="..\BaseFile\Export\GlobalData.cpp">
      <Filter>BaseFile\Export</Filter>
    </ClCompile>
    <ClCompile Include="..\BaseFile\LoadRC\load_rc.cpp">
      <Filter>BaseFile\Control</Filter>
    </ClCompile>
    <ClCompile Include="..\BaseFile\Control\TStaticButton.cpp">
      <Filter>BaseFile\Control</Filter>
    </ClCompile>
    <ClCompile Include="..\BaseFile\Control\TStatic.cpp">
      <Filter>BaseFile\Control</Filter>
    </ClCompile>
    <ClCompile Include="..\BaseFile\Base\TDataContainer.cpp">
      <Filter>BaseFile\Base</Filter>
    </ClCompile>
    <ClCompile Include="..\BaseFile\Base\TMemDC.cpp">
      <Filter>BaseFile\Base</Filter>
    </ClCompile>
    <ClCompile Include="..\BaseFile\Base\TMessageBox.cpp">
      <Filter>BaseFile\Base</Filter>
    </ClCompile>
    <ClCompile Include="..\BaseFile\Base\TModalWnd.cpp">
      <Filter>BaseFile\Base</Filter>
    </ClCompile>
    <ClCompile Include="..\BaseFile\Base\UIDesign.cpp">
      <Filter>BaseFile\Base</Filter>
    </ClCompile>
    <ClCompile Include="..\BaseFile\Base\IxFrm.cpp">
      <Filter>BaseFile\Base</Filter>
    </ClCompile>
    <ClCompile Include="..\BaseFile\Tradespi\trade_spi_ex.cpp">
      <Filter>BaseFile\TradeSpi</Filter>
    </ClCompile>
    <ClCompile Include="..\ThreeKeyConfig\ChasePriceConfig.cpp">
      <Filter>TKeyConfig</Filter>
    </ClCompile>
    <ClCompile Include="..\ThreeKeyConfig\DefaultQtyConfig.cpp">
      <Filter>TKeyConfig</Filter>
    </ClCompile>
    <ClCompile Include="..\ThreeKeyConfig\OptionConfigFrm.cpp">
      <Filter>TKeyConfig</Filter>
    </ClCompile>
    <ClCompile Include="..\ThreeKeyConfig\StopLossParamFrm.cpp">
      <Filter>TKeyConfig</Filter>
    </ClCompile>
    <ClCompile Include="..\ThreeKeyConfig\SuperPriceConfig.cpp">
      <Filter>TKeyConfig</Filter>
    </ClCompile>
    <ClCompile Include="TConfigFrm.cpp">
      <Filter>TKeyConfig</Filter>
    </ClCompile>
    <ClCompile Include="..\Popup\popwin.cpp">
      <Filter>Popup</Filter>
    </ClCompile>
    <ClCompile Include="..\Popup\popwincode.cpp">
      <Filter>Popup</Filter>
    </ClCompile>
    <ClCompile Include="..\Popup\VirtualWnd.cpp">
      <Filter>Popup</Filter>
    </ClCompile>
    <ClCompile Include="..\BaseFile\Base\TradeQuoteString.cpp">
      <Filter>BaseFile\Base</Filter>
    </ClCompile>
    <ClCompile Include="..\BaseFile\Base\AnsicUnicode.cpp">
      <Filter>BaseFile\Base</Filter>
    </ClCompile>
    <ClCompile Include="..\View\TOrderView.cpp">
      <Filter>View</Filter>
    </ClCompile>
    <ClCompile Include="..\View\TTradeInfo.cpp">
      <Filter>View</Filter>
    </ClCompile>
    <ClCompile Include="..\View\TLogView.cpp">
      <Filter>View</Filter>
    </ClCompile>
    <ClCompile Include="..\BaseFile\Control\TLockCheck.cpp">
      <Filter>BaseFile\Control</Filter>
    </ClCompile>
    <ClCompile Include="..\BaseFile\Control\TOrderButton.cpp">
      <Filter>BaseFile\Control</Filter>
    </ClCompile>
    <ClCompile Include="..\BaseFile\Control\TRichEdit.cpp">
      <Filter>BaseFile\Control</Filter>
    </ClCompile>
    <ClCompile Include="..\BaseFile\Control\TTabControl.cpp">
      <Filter>BaseFile\Control</Filter>
    </ClCompile>
    <ClCompile Include="..\BaseFile\Control\TComboxList.cpp">
      <Filter>BaseFile\Control</Filter>
    </ClCompile>
    <ClCompile Include="..\BaseFile\Base\TPopupWnd.cpp">
      <Filter>BaseFile\Base</Filter>
    </ClCompile>
    <ClCompile Include="..\Model\TUserData.cpp">
      <Filter>Model</Filter>
    </ClCompile>
    <ClCompile Include="..\BaseFile\Base\TStringConvert.cpp">
      <Filter>BaseFile\Base</Filter>
    </ClCompile>
    <ClCompile Include="..\Model\TStopLP.cpp">
      <Filter>Model</Filter>
    </ClCompile>
    <ClCompile Include="..\Model\TradeInfoModel.cpp">
      <Filter>Model</Filter>
    </ClCompile>
    <ClCompile Include="..\Model\TThreeKeyData.cpp">
      <Filter>Model</Filter>
    </ClCompile>
    <ClCompile Include="TradeAction.cpp">
      <Filter>Model</Filter>
    </ClCompile>
    <ClCompile Include="..\View\TStopLPView.cpp">
      <Filter>View</Filter>
    </ClCompile>
    <ClCompile Include="..\Model\TAddModStopLPData.cpp">
      <Filter>Model</Filter>
    </ClCompile>
    <ClCompile Include="TWriteInfo.cpp">
      <Filter>Model\TradeInfo</Filter>
    </ClCompile>
    <ClCompile Include="..\View\TSpecialPrice.cpp">
      <Filter>View</Filter>
    </ClCompile>
    <ClCompile Include="..\View\TShiftPosition.cpp">
      <Filter>View</Filter>
    </ClCompile>
    <ClCompile Include="..\View\TOpenStopFrm.cpp">
      <Filter>View</Filter>
    </ClCompile>
    <ClCompile Include="..\View\TConditionOrderFrm.cpp">
      <Filter>View</Filter>
    </ClCompile>
    <ClCompile Include="..\BaseFile\Control\TDateTime.cpp">
      <Filter>BaseFile\Control</Filter>
    </ClCompile>
    <ClCompile Include="..\Model\TConOrderModel.cpp">
      <Filter>Model</Filter>
    </ClCompile>
    <ClCompile Include="..\View\TStatusBar.cpp">
      <Filter>View</Filter>
    </ClCompile>
    <ClCompile Include="TModifyConView.cpp">
      <Filter>View</Filter>
    </ClCompile>
    <ClCompile Include="TKeyOrderApi.cpp">
      <Filter>TKeyOrderApi</Filter>
    </ClCompile>
    <ClCompile Include="..\Popup\popwincodelist.cpp">
      <Filter>Popup</Filter>
    </ClCompile>
  </ItemGroup>
  <ItemGroup>
    <ResourceCompile Include="TKeyOrder.rc">
      <Filter>资源文件</Filter>
    </ResourceCompile>
  </ItemGroup>
  <ItemGroup>
    <Image Include="..\Res\locked.ico">
      <Filter>资源文件</Filter>
    </Image>
    <Image Include="..\Res\dislinked.ico">
      <Filter>资源文件</Filter>
    </Image>
    <Image Include="..\Res\linked.ico">
      <Filter>资源文件</Filter>
    </Image>
    <Image Include="F:\epolestar24\TKeyOrder Old\Res\unlock.ico">
      <Filter>资源文件</Filter>
    </Image>
    <Image Include="F:\epolestar24\TKeyOrder Old\Res\locked.ico">
      <Filter>资源文件</Filter>
    </Image>
    <Image Include="F:\epolestar24\TKeyOrder Old\Res\dislinked.ico">
      <Filter>资源文件</Filter>
    </Image>
    <Image Include="F:\epolestar24\TKeyOrder Old\Res\linked.ico">
      <Filter>资源文件</Filter>
    </Image>
  </ItemGroup>
</Project>