<?xml version="1.0" encoding="utf-8"?>
<Project ToolsVersion="4.0" xmlns="http://schemas.microsoft.com/developer/msbuild/2003">
  <ItemGroup>
    <Filter Include="资源文件">
      <UniqueIdentifier>{67DA6AB6-F800-4c08-8B7A-83BB121AAD01}</UniqueIdentifier>
      <Extensions>rc;ico;cur;bmp;dlg;rc2;rct;bin;rgs;gif;jpg;jpeg;jpe;resx;tiff;tif;png;wav;mfcribbon-ms</Extensions>
    </Filter>
    <Filter Include="BaseFile">
      <UniqueIdentifier>{885c775c-80fd-4748-9a53-b92f4ed39a70}</UniqueIdentifier>
    </Filter>
    <Filter Include="Export">
      <UniqueIdentifier>{88680426-7dcb-4c96-9ecc-e43ce16f3e31}</UniqueIdentifier>
    </Filter>
    <Filter Include="Control">
      <UniqueIdentifier>{fad69095-8129-4758-87c1-986d0eecba56}</UniqueIdentifier>
    </Filter>
    <Filter Include="Tradespi">
      <UniqueIdentifier>{0a61b79d-7eb9-407e-afcf-125523b50d7a}</UniqueIdentifier>
    </Filter>
    <Filter Include="TradeCopier">
      <UniqueIdentifier>{68213f06-a4fe-4c87-ae50-857954ea8164}</UniqueIdentifier>
    </Filter>
  </ItemGroup>
  <ItemGroup>
    <ClInclude Include="..\BaseFile\IxFrm.h">
      <Filter>BaseFile</Filter>
    </ClInclude>
    <ClInclude Include="..\BaseFile\TMemDC.h">
      <Filter>BaseFile</Filter>
    </ClInclude>
    <ClInclude Include="..\BaseFile\UIDesign.h">
      <Filter>BaseFile</Filter>
    </ClInclude>
    <ClInclude Include="..\Export\Export.h">
      <Filter>Export</Filter>
    </ClInclude>
    <ClInclude Include="resource.h" />
    <ClInclude Include="..\Control\TStaticButton.h">
      <Filter>Control</Filter>
    </ClInclude>
    <ClInclude Include="..\Control\TStatic.h">
      <Filter>Control</Filter>
    </ClInclude>
    <ClInclude Include="..\Control\TListView.h">
      <Filter>Control</Filter>
    </ClInclude>
    <ClInclude Include="..\Tradespi\_trade_spi_switch.h">
      <Filter>Tradespi</Filter>
    </ClInclude>
    <ClInclude Include="..\Tradespi\trade_spi.h">
      <Filter>Tradespi</Filter>
    </ClInclude>
    <ClInclude Include="..\Tradespi\trade_spi_ex.h">
      <Filter>Tradespi</Filter>
    </ClInclude>
    <ClInclude Include="..\Tradespi\trade_spi_switch.h">
      <Filter>Tradespi</Filter>
    </ClInclude>
    <ClInclude Include="..\BaseFile\TDataContainer.h">
      <Filter>BaseFile</Filter>
    </ClInclude>
    <ClInclude Include="..\BaseFile\TModalWnd.h">
      <Filter>BaseFile</Filter>
    </ClInclude>
    <ClInclude Include="..\Control\TMessageBox.h">
      <Filter>Control</Filter>
    </ClInclude>
    <ClInclude Include="..\BaseFile\PreInclude.h" />
    <ClInclude Include="..\Frame\TFollowConfig.h">
      <Filter>TradeCopier</Filter>
    </ClInclude>
    <ClInclude Include="..\Frame\TFollowTrade.h">
      <Filter>TradeCopier</Filter>
    </ClInclude>
    <ClInclude Include="..\BaseFile\TradeQuoteString.h">
      <Filter>BaseFile</Filter>
    </ClInclude>
    <ClInclude Include="..\BaseFile\share_struct.h">
      <Filter>BaseFile</Filter>
    </ClInclude>
    <ClInclude Include="..\BaseFile\CharCodes.h">
      <Filter>BaseFile</Filter>
    </ClInclude>
    <ClInclude Include="..\BaseFile\def_lang.h">
      <Filter>BaseFile</Filter>
    </ClInclude>
    <ClInclude Include="..\BaseFile\load_rc.h">
      <Filter>BaseFile</Filter>
    </ClInclude>
    <ClInclude Include="..\BaseFile\TStringConvert.h">
      <Filter>BaseFile</Filter>
    </ClInclude>
    <ClInclude Include="..\Control\TRichEdit.h">
      <Filter>Control</Filter>
    </ClInclude>
    <ClInclude Include="..\Control\CxCombox.h">
      <Filter>Control</Filter>
    </ClInclude>
    <ClInclude Include="..\Control\CxEdit.h">
      <Filter>Control</Filter>
    </ClInclude>
    <ClInclude Include="..\Control\CxSpinEdit.h">
      <Filter>Control</Filter>
    </ClInclude>
    <ClInclude Include="..\Control\CxSubClassWnd.h">
      <Filter>Control</Filter>
    </ClInclude>
    <ClInclude Include="..\Control\CxSpin.h">
      <Filter>Control</Filter>
    </ClInclude>
    <ClInclude Include="..\Control\TAccessAlarm.h">
      <Filter>Control</Filter>
    </ClInclude>
    <ClInclude Include="..\Control\CxCheck.h">
      <Filter>Control</Filter>
    </ClInclude>
    <ClInclude Include="TradeInfo.h">
      <Filter>TradeCopier</Filter>
    </ClInclude>
    <ClInclude Include="TradeModel.h">
      <Filter>TradeCopier</Filter>
    </ClInclude>
  </ItemGroup>
  <ItemGroup>
    <ClCompile Include="..\BaseFile\IxFrm.cpp">
      <Filter>BaseFile</Filter>
    </ClCompile>
    <ClCompile Include="..\BaseFile\TMemDC.cpp">
      <Filter>BaseFile</Filter>
    </ClCompile>
    <ClCompile Include="..\BaseFile\UIDesign.cpp">
      <Filter>BaseFile</Filter>
    </ClCompile>
    <ClCompile Include="..\Export\Export.cpp">
      <Filter>Export</Filter>
    </ClCompile>
    <ClCompile Include="..\Control\TStaticButton.cpp">
      <Filter>Control</Filter>
    </ClCompile>
    <ClCompile Include="..\Control\TStatic.cpp">
      <Filter>Control</Filter>
    </ClCompile>
    <ClCompile Include="..\Control\TListView.cpp">
      <Filter>Control</Filter>
    </ClCompile>
    <ClCompile Include="..\Tradespi\trade_spi_ex.cpp">
      <Filter>Tradespi</Filter>
    </ClCompile>
    <ClCompile Include="..\BaseFile\TDataContainer.cpp">
      <Filter>BaseFile</Filter>
    </ClCompile>
    <ClCompile Include="..\BaseFile\TModalWnd.cpp">
      <Filter>BaseFile</Filter>
    </ClCompile>
    <ClCompile Include="..\Frame\TFollowConfig.cpp">
      <Filter>TradeCopier</Filter>
    </ClCompile>
    <ClCompile Include="..\Frame\TFollowTrade.cpp">
      <Filter>TradeCopier</Filter>
    </ClCompile>
    <ClCompile Include="..\BaseFile\TradeQuoteString.cpp">
      <Filter>BaseFile</Filter>
    </ClCompile>
    <ClCompile Include="..\BaseFile\load_rc.cpp">
      <Filter>BaseFile</Filter>
    </ClCompile>
    <ClCompile Include="..\BaseFile\TStringConvert.cpp">
      <Filter>BaseFile</Filter>
    </ClCompile>
    <ClCompile Include="..\Control\TRichEdit.cpp">
      <Filter>Control</Filter>
    </ClCompile>
    <ClCompile Include="..\Control\CxCombox.cpp">
      <Filter>Control</Filter>
    </ClCompile>
    <ClCompile Include="..\Control\CxEdit.cpp">
      <Filter>Control</Filter>
    </ClCompile>
    <ClCompile Include="..\Control\CxSpinEdit.cpp">
      <Filter>Control</Filter>
    </ClCompile>
    <ClCompile Include="..\Control\CxSubClassWnd.cpp">
      <Filter>Control</Filter>
    </ClCompile>
    <ClCompile Include="..\Control\CxSpin.cpp">
      <Filter>Control</Filter>
    </ClCompile>
    <ClCompile Include="..\Control\TAccessAlarm.cpp">
      <Filter>Control</Filter>
    </ClCompile>
    <ClCompile Include="..\Control\TMessageBox.cpp">
      <Filter>Control</Filter>
    </ClCompile>
    <ClCompile Include="..\Control\CxCheck.cpp">
      <Filter>Control</Filter>
    </ClCompile>
    <ClCompile Include="TradeInfo.cpp">
      <Filter>TradeCopier</Filter>
    </ClCompile>
    <ClCompile Include="TradeModel.cpp">
      <Filter>TradeCopier</Filter>
    </ClCompile>
  </ItemGroup>
  <ItemGroup>
    <ResourceCompile Include="FollowTrader.rc">
      <Filter>资源文件</Filter>
    </ResourceCompile>
  </ItemGroup>
</Project>